PODS:
  - GrowingAnalytics/ABTesting (4.3.0):
    - GrowingAnalytics/TrackerCore (= 4.3.0)
  - GrowingAnalytics/Ads (4.3.0):
    - GrowingAnalytics/TrackerCore (= 4.3.0)
  - GrowingAnalytics/APM (4.3.0):
    - GrowingAnalytics/TrackerCore (= 4.3.0)
    - GrowingAPM/Core (~> 1.0.1)
  - GrowingAnalytics/Autotracker (4.3.0):
    - GrowingAnalytics/AutotrackerCore (= 4.3.0)
    - GrowingAnalytics/DefaultServices (= 4.3.0)
    - GrowingAnalytics/Hybrid (= 4.3.0)
    - GrowingAnalytics/MobileDebugger (= 4.3.0)
    - GrowingAnalytics/WebCircle (= 4.3.0)
  - GrowingAnalytics/AutotrackerCore (4.3.0):
    - GrowingAnalytics/TrackerCore (= 4.3.0)
    - GrowingUtils/AutotrackerCore (~> 1.2.3)
  - GrowingAnalytics/Compression (4.3.0):
    - GrowingAnalytics/TrackerCore (= 4.3.0)
  - GrowingAnalytics/Database (4.3.0):
    - GrowingAnalytics/TrackerCore (= 4.3.0)
  - GrowingAnalytics/DefaultServices (4.3.0):
    - GrowingAnalytics/Compression (= 4.3.0)
    - GrowingAnalytics/Encryption (= 4.3.0)
    - GrowingAnalytics/JSON (= 4.3.0)
    - GrowingAnalytics/Network (= 4.3.0)
    - GrowingAnalytics/Protobuf (= 4.3.0)
    - GrowingAnalytics/TrackerCore (= 4.3.0)
  - GrowingAnalytics/Encryption (4.3.0):
    - GrowingAnalytics/TrackerCore (= 4.3.0)
  - GrowingAnalytics/Hybrid (4.3.0):
    - GrowingAnalytics/TrackerCore (= 4.3.0)
  - GrowingAnalytics/ImpressionTrack (4.3.0):
    - GrowingAnalytics/AutotrackerCore (= 4.3.0)
  - GrowingAnalytics/JSON (4.3.0):
    - GrowingAnalytics/Database (= 4.3.0)
  - GrowingAnalytics/MobileDebugger (4.3.0):
    - GrowingAnalytics/Screenshot (= 4.3.0)
    - GrowingAnalytics/TrackerCore (= 4.3.0)
    - GrowingAnalytics/WebSocket (= 4.3.0)
  - GrowingAnalytics/Network (4.3.0):
    - GrowingAnalytics/TrackerCore (= 4.3.0)
  - GrowingAnalytics/Protobuf (4.3.0):
    - GrowingAnalytics/Database (= 4.3.0)
    - GrowingAnalytics/Protobuf/Proto (= 4.3.0)
  - GrowingAnalytics/Protobuf/Proto (4.3.0):
    - GrowingAnalytics/Database (= 4.3.0)
    - Protobuf (>= 3.22.0)
  - GrowingAnalytics/Screenshot (4.3.0):
    - GrowingAnalytics/TrackerCore (= 4.3.0)
  - GrowingAnalytics/Tracker (4.3.0):
    - GrowingAnalytics/DefaultServices (= 4.3.0)
    - GrowingAnalytics/MobileDebugger (= 4.3.0)
    - GrowingAnalytics/TrackerCore (= 4.3.0)
  - GrowingAnalytics/TrackerCore (4.3.0):
    - GrowingUtils/TrackerCore (~> 1.2.3)
  - GrowingAnalytics/WebCircle (4.3.0):
    - GrowingAnalytics/AutotrackerCore (= 4.3.0)
    - GrowingAnalytics/Hybrid (= 4.3.0)
    - GrowingAnalytics/Screenshot (= 4.3.0)
    - GrowingAnalytics/WebSocket (= 4.3.0)
  - GrowingAnalytics/WebSocket (4.3.0):
    - GrowingAnalytics/TrackerCore (= 4.3.0)
  - GrowingAPM (1.0.1):
    - GrowingAPM/Core (= 1.0.1)
    - GrowingAPM/CrashMonitor (= 1.0.1)
    - GrowingAPM/UIMonitor (= 1.0.1)
  - GrowingAPM/Core (1.0.1):
    - GrowingUtils/TrackerCore
  - GrowingAPM/CrashMonitor (1.0.1):
    - GrowingAPM/Core
  - GrowingAPM/UIMonitor (1.0.1):
    - GrowingAPM/Core
  - GrowingToolsKit (2.0.2):
    - GrowingToolsKit/Default (= 2.0.2)
  - GrowingToolsKit/APMCore (2.0.2):
    - GrowingAPM/Core
    - GrowingToolsKit/Core
  - GrowingToolsKit/Core (2.0.2)
  - GrowingToolsKit/CrashMonitor (2.0.2):
    - GrowingAPM/CrashMonitor
    - GrowingToolsKit/APMCore
  - GrowingToolsKit/Default (2.0.2):
    - GrowingToolsKit/Core
    - GrowingToolsKit/CrashMonitor
    - GrowingToolsKit/EventsList
    - GrowingToolsKit/LaunchTime
    - GrowingToolsKit/NetFlow
    - GrowingToolsKit/Realtime
    - GrowingToolsKit/SDKInfo
    - GrowingToolsKit/Settings
    - GrowingToolsKit/XPathTrack
  - GrowingToolsKit/EventsList (2.0.2):
    - GrowingToolsKit/Core
  - GrowingToolsKit/LaunchTime (2.0.2):
    - GrowingAPM/UIMonitor
    - GrowingToolsKit/APMCore
  - GrowingToolsKit/NetFlow (2.0.2):
    - GrowingToolsKit/Core
  - GrowingToolsKit/Realtime (2.0.2):
    - GrowingToolsKit/Core
  - GrowingToolsKit/SDKInfo (2.0.2):
    - GrowingToolsKit/Core
  - GrowingToolsKit/Settings (2.0.2):
    - GrowingToolsKit/Core
  - GrowingToolsKit/XPathTrack (2.0.2):
    - GrowingToolsKit/Core
  - GrowingUtils/AutotrackerCore (1.2.3):
    - GrowingUtils/TrackerCore
  - GrowingUtils/TrackerCore (1.2.3)
  - KIF (3.8.9):
    - KIF/Core (= 3.8.9)
  - KIF/Core (3.8.9)
  - OHHTTPStubs (9.1.0):
    - OHHTTPStubs/Default (= 9.1.0)
  - OHHTTPStubs/Core (9.1.0)
  - OHHTTPStubs/Default (9.1.0):
    - OHHTTPStubs/Core
    - OHHTTPStubs/JSON
    - OHHTTPStubs/NSURLSession
    - OHHTTPStubs/OHPathHelpers
  - OHHTTPStubs/JSON (9.1.0):
    - OHHTTPStubs/Core
  - OHHTTPStubs/NSURLSession (9.1.0):
    - OHHTTPStubs/Core
  - OHHTTPStubs/OHPathHelpers (9.1.0)
  - Protobuf (3.26.1)
  - SDCycleScrollView (1.82):
    - SDWebImage (>= 5.0.0)
  - SDWebImage (5.19.1):
    - SDWebImage/Core (= 5.19.1)
  - SDWebImage/Core (5.19.1)

DEPENDENCIES:
  - GrowingAnalytics/ABTesting (from `../`)
  - GrowingAnalytics/Ads (from `../`)
  - GrowingAnalytics/APM (from `../`)
  - GrowingAnalytics/Autotracker (from `../`)
  - GrowingAnalytics/ImpressionTrack (from `../`)
  - GrowingAnalytics/Tracker (from `../`)
  - GrowingAPM
  - GrowingToolsKit (~> 2.0.1)
  - KIF
  - OHHTTPStubs
  - SDCycleScrollView (~> 1.75)

SPEC REPOS:
  trunk:
    - GrowingAPM
    - GrowingToolsKit
    - GrowingUtils
    - KIF
    - OHHTTPStubs
    - Protobuf
    - SDCycleScrollView
    - SDWebImage

EXTERNAL SOURCES:
  GrowingAnalytics:
    :path: "../"

SPEC CHECKSUMS:
  GrowingAnalytics: e72c414e3511039ea8010296678232eed7411833
  GrowingAPM: 3c4de0384935b654e6798b95606f47883a99418b
  GrowingToolsKit: 53160d19690da0b78e04a9242abde7af86442922
  GrowingUtils: 68aee2c96849bf9b674740503da30c2da468e79d
  KIF: 7660c626b0f2d4562533590960db70a36d640558
  OHHTTPStubs: 90eac6d8f2c18317baeca36698523dc67c513831
  Protobuf: a53f5173a603075b3522a5c50be63a67a5f3353a
  SDCycleScrollView: a0d74c3384caa72bdfc81470bdbc8c14b3e1fbcf
  SDWebImage: 40b0b4053e36c660a764958bff99eed16610acbb

PODFILE CHECKSUM: 51bab161e69d216b5eff74379bef32902e83107b

COCOAPODS: 1.15.2
