PODS:
  - GrowingAnalytics/ABTesting (4.3.2):
    - GrowingAnalytics/TrackerCore (= 4.3.2)
  - GrowingAnalytics/Ads (4.3.2):
    - GrowingAnalytics/TrackerCore (= 4.3.2)
  - GrowingAnalytics/APM (4.3.2):
    - GrowingAnalytics/TrackerCore (= 4.3.2)
    - GrowingAPM/Core (~> 1.0.1)
  - GrowingAnalytics/Autotracker (4.3.2):
    - GrowingAnalytics/AutotrackerCore (= 4.3.2)
    - GrowingAnalytics/DefaultServices (= 4.3.2)
    - GrowingAnalytics/Hybrid (= 4.3.2)
    - GrowingAnalytics/MobileDebugger (= 4.3.2)
    - GrowingAnalytics/WebCircle (= 4.3.2)
  - GrowingAnalytics/AutotrackerCore (4.3.2):
    - GrowingAnalytics/TrackerCore (= 4.3.2)
    - GrowingUtils/AutotrackerCore (~> 1.2.3)
  - GrowingAnalytics/Compression (4.3.2):
    - GrowingAnalytics/TrackerCore (= 4.3.2)
  - GrowingAnalytics/Database (4.3.2):
    - GrowingAnalytics/TrackerCore (= 4.3.2)
  - GrowingAnalytics/DefaultServices (4.3.2):
    - GrowingAnalytics/Compression (= 4.3.2)
    - GrowingAnalytics/Encryption (= 4.3.2)
    - GrowingAnalytics/JSON (= 4.3.2)
    - GrowingAnalytics/Network (= 4.3.2)
    - GrowingAnalytics/Protobuf (= 4.3.2)
    - GrowingAnalytics/TrackerCore (= 4.3.2)
  - GrowingAnalytics/Encryption (4.3.2):
    - GrowingAnalytics/TrackerCore (= 4.3.2)
  - GrowingAnalytics/Hybrid (4.3.2):
    - GrowingAnalytics/TrackerCore (= 4.3.2)
  - GrowingAnalytics/ImpressionTrack (4.3.2):
    - GrowingAnalytics/AutotrackerCore (= 4.3.2)
  - GrowingAnalytics/JSON (4.3.2):
    - GrowingAnalytics/Database (= 4.3.2)
  - GrowingAnalytics/MobileDebugger (4.3.2):
    - GrowingAnalytics/Screenshot (= 4.3.2)
    - GrowingAnalytics/TrackerCore (= 4.3.2)
    - GrowingAnalytics/WebSocket (= 4.3.2)
  - GrowingAnalytics/Network (4.3.2):
    - GrowingAnalytics/TrackerCore (= 4.3.2)
  - GrowingAnalytics/Protobuf (4.3.2):
    - GrowingAnalytics/Database (= 4.3.2)
    - GrowingAnalytics/Protobuf/Proto (= 4.3.2)
  - GrowingAnalytics/Protobuf/Proto (4.3.2):
    - GrowingAnalytics/Database (= 4.3.2)
    - Protobuf (~> 3.27)
  - GrowingAnalytics/Screenshot (4.3.2):
    - GrowingAnalytics/TrackerCore (= 4.3.2)
  - GrowingAnalytics/Tracker (4.3.2):
    - GrowingAnalytics/DefaultServices (= 4.3.2)
    - GrowingAnalytics/MobileDebugger (= 4.3.2)
    - GrowingAnalytics/TrackerCore (= 4.3.2)
  - GrowingAnalytics/TrackerCore (4.3.2):
    - GrowingUtils/TrackerCore (~> 1.2.3)
  - GrowingAnalytics/WebCircle (4.3.2):
    - GrowingAnalytics/AutotrackerCore (= 4.3.2)
    - GrowingAnalytics/Hybrid (= 4.3.2)
    - GrowingAnalytics/Screenshot (= 4.3.2)
    - GrowingAnalytics/WebSocket (= 4.3.2)
  - GrowingAnalytics/WebSocket (4.3.2):
    - GrowingAnalytics/TrackerCore (= 4.3.2)
  - GrowingAPM (1.0.1):
    - GrowingAPM/Core (= 1.0.1)
    - GrowingAPM/CrashMonitor (= 1.0.1)
    - GrowingAPM/UIMonitor (= 1.0.1)
  - GrowingAPM/Core (1.0.1):
    - GrowingUtils/TrackerCore
  - GrowingAPM/CrashMonitor (1.0.1):
    - GrowingAPM/Core
  - GrowingAPM/UIMonitor (1.0.1):
    - GrowingAPM/Core
  - GrowingToolsKit (2.0.3):
    - GrowingToolsKit/Default (= 2.0.3)
  - GrowingToolsKit/APMCore (2.0.3):
    - GrowingAPM/Core
    - GrowingToolsKit/Core
  - GrowingToolsKit/Core (2.0.3)
  - GrowingToolsKit/CrashMonitor (2.0.3):
    - GrowingAPM/CrashMonitor
    - GrowingToolsKit/APMCore
  - GrowingToolsKit/Default (2.0.3):
    - GrowingToolsKit/Core
    - GrowingToolsKit/CrashMonitor
    - GrowingToolsKit/EventsList
    - GrowingToolsKit/LaunchTime
    - GrowingToolsKit/NetFlow
    - GrowingToolsKit/Realtime
    - GrowingToolsKit/SDKInfo
    - GrowingToolsKit/Settings
    - GrowingToolsKit/XPathTrack
  - GrowingToolsKit/EventsList (2.0.3):
    - GrowingToolsKit/Core
  - GrowingToolsKit/LaunchTime (2.0.3):
    - GrowingAPM/UIMonitor
    - GrowingToolsKit/APMCore
  - GrowingToolsKit/NetFlow (2.0.3):
    - GrowingToolsKit/Core
  - GrowingToolsKit/Realtime (2.0.3):
    - GrowingToolsKit/Core
  - GrowingToolsKit/SDKInfo (2.0.3):
    - GrowingToolsKit/Core
  - GrowingToolsKit/Settings (2.0.3):
    - GrowingToolsKit/Core
  - GrowingToolsKit/XPathTrack (2.0.3):
    - GrowingToolsKit/Core
  - GrowingUtils/AutotrackerCore (1.2.4):
    - GrowingUtils/TrackerCore
  - GrowingUtils/TrackerCore (1.2.4)
  - KIF (3.9.0):
    - KIF/Core (= 3.9.0)
  - KIF/Core (3.9.0)
  - OHHTTPStubs (9.1.0):
    - OHHTTPStubs/Default (= 9.1.0)
  - OHHTTPStubs/Core (9.1.0)
  - OHHTTPStubs/Default (9.1.0):
    - OHHTTPStubs/Core
    - OHHTTPStubs/JSON
    - OHHTTPStubs/NSURLSession
    - OHHTTPStubs/OHPathHelpers
  - OHHTTPStubs/JSON (9.1.0):
    - OHHTTPStubs/Core
  - OHHTTPStubs/NSURLSession (9.1.0):
    - OHHTTPStubs/Core
  - OHHTTPStubs/OHPathHelpers (9.1.0)
  - Protobuf (3.27.3)
  - SDCycleScrollView (1.82):
    - SDWebImage (>= 5.0.0)
  - SDWebImage (5.19.6):
    - SDWebImage/Core (= 5.19.6)
  - SDWebImage/Core (5.19.6)

DEPENDENCIES:
  - GrowingAnalytics/ABTesting (from `../`)
  - GrowingAnalytics/Ads (from `../`)
  - GrowingAnalytics/APM (from `../`)
  - GrowingAnalytics/Autotracker (from `../`)
  - GrowingAnalytics/ImpressionTrack (from `../`)
  - GrowingAnalytics/Tracker (from `../`)
  - GrowingAPM
  - GrowingToolsKit (~> 2.0.1)
  - KIF
  - OHHTTPStubs
  - SDCycleScrollView (~> 1.75)

SPEC REPOS:
  trunk:
    - GrowingAPM
    - GrowingToolsKit
    - GrowingUtils
    - KIF
    - OHHTTPStubs
    - Protobuf
    - SDCycleScrollView
    - SDWebImage

EXTERNAL SOURCES:
  GrowingAnalytics:
    :path: "../"

SPEC CHECKSUMS:
  GrowingAnalytics: 4c012ec2089eaf54206cdce3dc282b70648ee56d
  GrowingAPM: 3c4de0384935b654e6798b95606f47883a99418b
  GrowingToolsKit: 2f17a8ab0c20d1967b7e50ef2365f04f2c3cfafd
  GrowingUtils: 5d323e54798595015ff11e97fe981ae167dc270e
  KIF: 2bd28f6c15e5b448d578668586acc8c3fe603f06
  OHHTTPStubs: 90eac6d8f2c18317baeca36698523dc67c513831
  Protobuf: c1cbc880ea7c4e9b157e113515c720a22ee7cf50
  SDCycleScrollView: a0d74c3384caa72bdfc81470bdbc8c14b3e1fbcf
  SDWebImage: a79252b60f4678812d94316c91da69ec83089c9f

PODFILE CHECKSUM: 7620d046b80fc14333539e4c51713ef3c3a030f7

COCOAPODS: 1.15.2
