PODS:
  - GrowingAnalytics/Advert (4.0.0-beta.1):
    - GrowingAnalytics/TrackerCore (= 4.0.0-beta.1)
  - GrowingAnalytics/APM (4.0.0-beta.1):
    - GrowingAnalytics/TrackerCore (= 4.0.0-beta.1)
    - GrowingAPM/Core (~> 1.0.0)
  - GrowingAnalytics/Autotracker (4.0.0-beta.1):
    - GrowingAnalytics/AutotrackerCore (= 4.0.0-beta.1)
    - GrowingAnalytics/DefaultServices (= 4.0.0-beta.1)
    - GrowingAnalytics/Hybrid (= 4.0.0-beta.1)
    - GrowingAnalytics/MobileDebugger (= 4.0.0-beta.1)
    - GrowingAnalytics/WebCircle (= 4.0.0-beta.1)
  - GrowingAnalytics/AutotrackerCore (4.0.0-beta.1):
    - GrowingAnalytics/TrackerCore (= 4.0.0-beta.1)
    - GrowingUtils/AutotrackerCore (~> 1.0.0)
  - GrowingAnalytics/Compression (4.0.0-beta.1):
    - GrowingAnalytics/TrackerCore (= 4.0.0-beta.1)
  - GrowingAnalytics/Database (4.0.0-beta.1):
    - GrowingAnalytics/TrackerCore (= 4.0.0-beta.1)
  - GrowingAnalytics/DefaultServices (4.0.0-beta.1):
    - GrowingAnalytics/Compression (= 4.0.0-beta.1)
    - GrowingAnalytics/Encryption (= 4.0.0-beta.1)
    - GrowingAnalytics/JSON (= 4.0.0-beta.1)
    - GrowingAnalytics/Network (= 4.0.0-beta.1)
    - GrowingAnalytics/Protobuf (= 4.0.0-beta.1)
    - GrowingAnalytics/TrackerCore (= 4.0.0-beta.1)
  - GrowingAnalytics/Encryption (4.0.0-beta.1):
    - GrowingAnalytics/TrackerCore (= 4.0.0-beta.1)
  - GrowingAnalytics/Hybrid (4.0.0-beta.1):
    - GrowingAnalytics/TrackerCore (= 4.0.0-beta.1)
  - GrowingAnalytics/ImpressionTrack (4.0.0-beta.1):
    - GrowingAnalytics/AutotrackerCore (= 4.0.0-beta.1)
  - GrowingAnalytics/JSON (4.0.0-beta.1):
    - GrowingAnalytics/Database (= 4.0.0-beta.1)
  - GrowingAnalytics/MobileDebugger (4.0.0-beta.1):
    - GrowingAnalytics/Screenshot (= 4.0.0-beta.1)
    - GrowingAnalytics/TrackerCore (= 4.0.0-beta.1)
    - GrowingAnalytics/WebSocket (= 4.0.0-beta.1)
  - GrowingAnalytics/Network (4.0.0-beta.1):
    - GrowingAnalytics/TrackerCore (= 4.0.0-beta.1)
  - GrowingAnalytics/Protobuf (4.0.0-beta.1):
    - GrowingAnalytics/Database (= 4.0.0-beta.1)
    - GrowingAnalytics/Protobuf/Proto (= 4.0.0-beta.1)
  - GrowingAnalytics/Protobuf/Proto (4.0.0-beta.1):
    - GrowingAnalytics/Database (= 4.0.0-beta.1)
    - Protobuf (>= 3.22.0)
  - GrowingAnalytics/Screenshot (4.0.0-beta.1):
    - GrowingAnalytics/TrackerCore
  - GrowingAnalytics/Tracker (4.0.0-beta.1):
    - GrowingAnalytics/DefaultServices (= 4.0.0-beta.1)
    - GrowingAnalytics/MobileDebugger (= 4.0.0-beta.1)
    - GrowingAnalytics/TrackerCore (= 4.0.0-beta.1)
  - GrowingAnalytics/TrackerCore (4.0.0-beta.1):
    - GrowingUtils/TrackerCore (~> 1.0.0)
  - GrowingAnalytics/WebCircle (4.0.0-beta.1):
    - GrowingAnalytics/AutotrackerCore (= 4.0.0-beta.1)
    - GrowingAnalytics/Hybrid (= 4.0.0-beta.1)
    - GrowingAnalytics/Screenshot (= 4.0.0-beta.1)
    - GrowingAnalytics/WebSocket (= 4.0.0-beta.1)
  - GrowingAnalytics/WebSocket (4.0.0-beta.1):
    - GrowingAnalytics/TrackerCore (= 4.0.0-beta.1)
  - GrowingAPM (1.0.0):
    - GrowingAPM/Core (= 1.0.0)
    - GrowingAPM/CrashMonitor (= 1.0.0)
    - GrowingAPM/UIMonitor (= 1.0.0)
  - GrowingAPM/Core (1.0.0):
    - GrowingUtils/TrackerCore
  - GrowingAPM/CrashMonitor (1.0.0):
    - GrowingAPM/Core
  - GrowingAPM/UIMonitor (1.0.0):
    - GrowingAPM/Core
  - GrowingToolsKit (1.2.1):
    - GrowingToolsKit/Default (= 1.2.1)
  - GrowingToolsKit/APMCore (1.2.1):
    - GrowingAPM/Core
    - GrowingToolsKit/Core
  - GrowingToolsKit/Core (1.2.1)
  - GrowingToolsKit/CrashMonitor (1.2.1):
    - GrowingAPM/CrashMonitor
    - GrowingToolsKit/APMCore
  - GrowingToolsKit/Default (1.2.1):
    - GrowingToolsKit/Core
    - GrowingToolsKit/CrashMonitor
    - GrowingToolsKit/EventsList
    - GrowingToolsKit/LaunchTime
    - GrowingToolsKit/NetFlow
    - GrowingToolsKit/Realtime
    - GrowingToolsKit/SDKInfo
    - GrowingToolsKit/Settings
    - GrowingToolsKit/XPathTrack
  - GrowingToolsKit/EventsList (1.2.1):
    - GrowingToolsKit/Core
  - GrowingToolsKit/LaunchTime (1.2.1):
    - GrowingAPM/UIMonitor
    - GrowingToolsKit/APMCore
  - GrowingToolsKit/NetFlow (1.2.1):
    - GrowingToolsKit/Core
  - GrowingToolsKit/Realtime (1.2.1):
    - GrowingToolsKit/Core
  - GrowingToolsKit/SDKInfo (1.2.1):
    - GrowingToolsKit/Core
  - GrowingToolsKit/Settings (1.2.1):
    - GrowingToolsKit/Core
  - GrowingToolsKit/XPathTrack (1.2.1):
    - GrowingToolsKit/Core
  - GrowingUtils/AutotrackerCore (1.0.0):
    - GrowingUtils/TrackerCore
  - GrowingUtils/TrackerCore (1.0.0)
  - KIF (3.8.9):
    - KIF/Core (= 3.8.9)
  - KIF/Core (3.8.9)
  - LBXScan/LBXNative (2.3):
    - LBXScan/Types (~> 2.2)
  - LBXScan/Types (2.3)
  - LBXScan/UI (2.3):
    - LBXScan/Types (~> 2.2)
  - Protobuf (3.24.4)
  - SDCycleScrollView (1.82):
    - SDWebImage (>= 5.0.0)
  - SDWebImage (5.18.3):
    - SDWebImage/Core (= 5.18.3)
  - SDWebImage/Core (5.18.3)

DEPENDENCIES:
  - GrowingAnalytics/Advert (from `../`)
  - GrowingAnalytics/APM (from `../`)
  - GrowingAnalytics/Autotracker (from `../`)
  - GrowingAnalytics/ImpressionTrack (from `../`)
  - GrowingAnalytics/Tracker (from `../`)
  - GrowingAPM
  - GrowingToolsKit (>= 1.2.1)
  - KIF
  - LBXScan/LBXNative (= 2.3)
  - LBXScan/UI (= 2.3)
  - SDCycleScrollView (~> 1.75)

SPEC REPOS:
  trunk:
    - GrowingAPM
    - GrowingToolsKit
    - GrowingUtils
    - KIF
    - LBXScan
    - Protobuf
    - SDCycleScrollView
    - SDWebImage

EXTERNAL SOURCES:
  GrowingAnalytics:
    :path: "../"

SPEC CHECKSUMS:
  GrowingAnalytics: 1bb25325883e2c4bec0d1b8e1d9e6540185d88e8
  GrowingAPM: 6750d66ca6876c2c7d22c1c087625bc9ccc3430c
  GrowingToolsKit: 134a78b023c4ab7da51e0a1111e9956a96e42dab
  GrowingUtils: f0a9858cfd15dc584367957f24a784813a68d637
  KIF: 7660c626b0f2d4562533590960db70a36d640558
  LBXScan: e51449f0832d1fe17da632af0d22adeb3cfa3543
  Protobuf: 351e9022fe13a6e2af00e9aefc22077cb88520f8
  SDCycleScrollView: a0d74c3384caa72bdfc81470bdbc8c14b3e1fbcf
  SDWebImage: 96e0c18ef14010b7485210e92fac888587ebb958

PODFILE CHECKSUM: eadc8a2cddef5401cfafd1d713a6bacab48232e6

COCOAPODS: 1.13.0
