PODS:
  - Bugly (2.5.93)
  - GrowingAnalytics-cdp/Autotracker (3.4.3):
    - GrowingAnalytics-cdp/TrackerCore (= 3.4.3)
    - GrowingAnalytics/AutotrackerCore (= 3.4.3)
    - GrowingAnalytics/DefaultServices (= 3.4.3)
    - GrowingAnalytics/Hybrid (= 3.4.3)
    - GrowingAnalytics/MobileDebugger (= 3.4.3)
    - GrowingAnalytics/WebCircle (= 3.4.3)
  - GrowingAnalytics-cdp/Tracker (3.4.3):
    - GrowingAnalytics-cdp/TrackerCore (= 3.4.3)
    - GrowingAnalytics/DefaultServices (= 3.4.3)
    - GrowingAnalytics/MobileDebugger (= 3.4.3)
  - GrowingAnalytics-cdp/TrackerCore (3.4.3):
    - GrowingAnalytics/TrackerCore (= 3.4.3)
  - GrowingAnalytics/Advert (3.4.3):
    - GrowingAnalytics/TrackerCore
  - GrowingAnalytics/APM (3.4.3):
    - GrowingAnalytics/TrackerCore
    - GrowingAPM/Core
  - GrowingAnalytics/Autotracker (3.4.3):
    - GrowingAnalytics/AutotrackerCore
    - GrowingAnalytics/DefaultServices
    - GrowingAnalytics/Hybrid
    - GrowingAnalytics/MobileDebugger
    - GrowingAnalytics/WebCircle
  - GrowingAnalytics/AutotrackerCore (3.4.3):
    - GrowingAnalytics/TrackerCore
    - GrowingUtils/AutotrackerCore (= 0.0.1)
  - GrowingAnalytics/Compression (3.4.3):
    - GrowingAnalytics/TrackerCore
  - GrowingAnalytics/Database (3.4.3):
    - GrowingAnalytics/TrackerCore
  - GrowingAnalytics/DefaultServices (3.4.3):
    - GrowingAnalytics/Compression
    - GrowingAnalytics/Database
    - GrowingAnalytics/Encryption
    - GrowingAnalytics/Network
    - GrowingAnalytics/TrackerCore
  - GrowingAnalytics/Encryption (3.4.3):
    - GrowingAnalytics/TrackerCore
  - GrowingAnalytics/Hybrid (3.4.3):
    - GrowingAnalytics/TrackerCore
  - GrowingAnalytics/MobileDebugger (3.4.3):
    - GrowingAnalytics/TrackerCore
    - GrowingAnalytics/WebSocket
  - GrowingAnalytics/Network (3.4.3):
    - GrowingAnalytics/TrackerCore
  - GrowingAnalytics/Protobuf (3.4.3):
    - GrowingAnalytics/Database
    - GrowingAnalytics/Protobuf/Proto (= 3.4.3)
    - GrowingAnalytics/TrackerCore
  - GrowingAnalytics/Protobuf/Proto (3.4.3):
    - GrowingAnalytics/Database
    - GrowingAnalytics/TrackerCore
    - Protobuf
  - GrowingAnalytics/Tracker (3.4.3):
    - GrowingAnalytics/DefaultServices
    - GrowingAnalytics/MobileDebugger
    - GrowingAnalytics/TrackerCore
  - GrowingAnalytics/TrackerCore (3.4.3):
    - GrowingUtils/TrackerCore (= 0.0.1)
  - GrowingAnalytics/WebCircle (3.4.3):
    - GrowingAnalytics/AutotrackerCore
    - GrowingAnalytics/Hybrid
    - GrowingAnalytics/WebSocket
  - GrowingAnalytics/WebSocket (3.4.3):
    - GrowingAnalytics/TrackerCore
  - GrowingAPM (0.0.6):
    - GrowingAPM/Core (= 0.0.6)
    - GrowingAPM/CrashMonitor (= 0.0.6)
    - GrowingAPM/UIMonitor (= 0.0.6)
  - GrowingAPM/Core (0.0.6):
    - GrowingUtils/TrackerCore
  - GrowingAPM/CrashMonitor (0.0.6):
    - GrowingAPM/Core
  - GrowingAPM/UIMonitor (0.0.6):
    - GrowingAPM/Core
  - GrowingToolsKit (1.0.8):
    - GrowingToolsKit/Default (= 1.0.8)
  - GrowingToolsKit/Core (1.0.8):
    - GrowingToolsKit/Res
  - GrowingToolsKit/Default (1.0.8):
    - GrowingToolsKit/Core
    - GrowingToolsKit/EventsList
    - GrowingToolsKit/NetFlow
    - GrowingToolsKit/Realtime
    - GrowingToolsKit/SDKInfo
    - GrowingToolsKit/Settings
    - GrowingToolsKit/XPathTrack
  - GrowingToolsKit/EventsList (1.0.8):
    - GrowingToolsKit/Core
  - GrowingToolsKit/NetFlow (1.0.8):
    - GrowingToolsKit/Core
  - GrowingToolsKit/Realtime (1.0.8):
    - GrowingToolsKit/Core
  - GrowingToolsKit/Res (1.0.8)
  - GrowingToolsKit/SDKInfo (1.0.8):
    - GrowingToolsKit/Core
  - GrowingToolsKit/Settings (1.0.8):
    - GrowingToolsKit/Core
  - GrowingToolsKit/XPathTrack (1.0.8):
    - GrowingToolsKit/Core
  - GrowingUtils/AutotrackerCore (0.0.1):
    - GrowingUtils/TrackerCore
  - GrowingUtils/TrackerCore (0.0.1)
  - KIF (3.8.7):
    - KIF/Core (= 3.8.7)
  - KIF/Core (3.8.7)
  - LBXScan/LBXNative (2.3):
    - LBXScan/Types (~> 2.2)
  - LBXScan/Types (2.3)
  - LBXScan/UI (2.3):
    - LBXScan/Types (~> 2.2)
  - Protobuf (3.21.9)
  - SDCycleScrollView (1.82):
    - SDWebImage (>= 5.0.0)
  - SDWebImage (5.13.5):
    - SDWebImage/Core (= 5.13.5)
  - SDWebImage/Core (5.13.5)

DEPENDENCIES:
  - Bugly
  - GrowingAnalytics-cdp/Autotracker (from `./`)
  - GrowingAnalytics-cdp/Tracker (from `./`)
  - GrowingAnalytics/Advert (from `./`)
  - GrowingAnalytics/APM (from `./`)
  - GrowingAnalytics/Autotracker (from `./`)
  - GrowingAnalytics/Protobuf (from `./`)
  - GrowingAnalytics/Tracker (from `./`)
  - GrowingAPM
  - GrowingToolsKit
  - KIF
  - LBXScan/LBXNative (= 2.3)
  - LBXScan/UI (= 2.3)
  - SDCycleScrollView (~> 1.75)

SPEC REPOS:
  https://github.com/CocoaPods/Specs.git:
    - Bugly
    - GrowingAPM
    - GrowingToolsKit
    - GrowingUtils
    - KIF
    - LBXScan
    - Protobuf
    - SDCycleScrollView
    - SDWebImage

EXTERNAL SOURCES:
  GrowingAnalytics:
    :path: "./"
  GrowingAnalytics-cdp:
    :path: "./"

SPEC CHECKSUMS:
  Bugly: b8715e6ec4004b7f7fbffab0643ba80545aee3da
  GrowingAnalytics: babdc43d8fda5809999f9111fc84cf98e1bacca6
  GrowingAnalytics-cdp: 4b9cfd488ec0d8ebb0f3f02315c4e40f1df24000
  GrowingAPM: 98cb05264115cc6fd3457d483c2d3c84c4781b65
  GrowingToolsKit: 98ea25ce94ba858ebe87376b76b0ef3ac7b31ae7
  GrowingUtils: d5f3fb94859cd7b11c491f5f081c45971ae3948b
  KIF: 779cdbca106633b94ecee7b036537490ebdbd9de
  LBXScan: e51449f0832d1fe17da632af0d22adeb3cfa3543
  Protobuf: 02524ec14183fe08fb259741659e79683788158b
  SDCycleScrollView: a0d74c3384caa72bdfc81470bdbc8c14b3e1fbcf
  SDWebImage: 23d714cd599354ee7906dbae26dff89b421c4370

PODFILE CHECKSUM: c3cd328a78c253a0d27e1846b55bc624397930fa

COCOAPODS: 1.11.3
