PODS:
  - GrowingAnalytics/Autotracker (3.3.3-beta):
    - GrowingAnalytics/AutotrackerCore
    - GrowingAnalytics/Compression
    - GrowingAnalytics/Database
    - GrowingAnalytics/Encryption
    - GrowingAnalytics/Hybrid
    - GrowingAnalytics/MobileDebugger
    - GrowingAnalytics/Network
    - GrowingAnalytics/WebCircle
  - GrowingAnalytics/AutotrackerCore (3.3.3-beta):
    - GrowingAnalytics/TrackerCore
  - GrowingAnalytics/Compression (3.3.3-beta):
    - GrowingAnalytics/TrackerCore
  - GrowingAnalytics/Database (3.3.3-beta):
    - GrowingAnalytics/TrackerCore
  - GrowingAnalytics/Encryption (3.3.3-beta):
    - GrowingAnalytics/TrackerCore
  - GrowingAnalytics/Hybrid (3.3.3-beta):
    - GrowingAnalytics/TrackerCore
  - GrowingAnalytics/MobileDebugger (3.3.3-beta):
    - GrowingAnalytics/TrackerCore
    - GrowingAnalytics/WebSocket
  - GrowingAnalytics/Network (3.3.3-beta):
    - GrowingAnalytics/TrackerCore
  - GrowingAnalytics/Protobuf (3.3.3-beta):
    - GrowingAnalytics/Database
    - GrowingAnalytics/Protobuf/Proto (= 3.3.3-beta)
    - GrowingAnalytics/TrackerCore
  - GrowingAnalytics/Protobuf/Proto (3.3.3-beta):
    - GrowingAnalytics/Database
    - GrowingAnalytics/TrackerCore
    - Protobuf
  - GrowingAnalytics/TrackerCore (3.3.3-beta)
  - GrowingAnalytics/WebCircle (3.3.3-beta):
    - GrowingAnalytics/AutotrackerCore
    - GrowingAnalytics/Hybrid
    - GrowingAnalytics/WebSocket
  - GrowingAnalytics/WebSocket (3.3.3-beta):
    - GrowingAnalytics/TrackerCore
  - KIF (3.8.5):
    - KIF/Core (= 3.8.5)
  - KIF/Core (3.8.5)
  - Protobuf (3.19.1)
  - SDCycleScrollView (1.82):
    - SDWebImage (>= 5.0.0)
  - SDWebImage (5.12.1):
    - SDWebImage/Core (= 5.12.1)
  - SDWebImage/Core (5.12.1)

DEPENDENCIES:
  - GrowingAnalytics/Autotracker (from `./`)
  - GrowingAnalytics/Protobuf (from `./`)
  - KIF
  - SDCycleScrollView (~> 1.75)

SPEC REPOS:
  https://github.com/CocoaPods/Specs.git:
    - KIF
    - Protobuf
    - SDCycleScrollView
    - SDWebImage

EXTERNAL SOURCES:
  GrowingAnalytics:
    :path: "./"

SPEC CHECKSUMS:
  GrowingAnalytics: 7d59b089e3865e6eda6394b27e5dc472cb983f7b
  KIF: b7fe836710720f84e4804767fba0a35ffc770b78
  Protobuf: 3724efa50cb2846d7ccebc8691c574e85fd74471
  SDCycleScrollView: a0d74c3384caa72bdfc81470bdbc8c14b3e1fbcf
  SDWebImage: 4dc3e42d9ec0c1028b960a33ac6b637bb432207b

PODFILE CHECKSUM: 246c0d1f79ff5c3761ad59358388e2f38f6f4ff2

COCOAPODS: 1.11.2
