PODS:
  - AlicloudPush (1.9.9.4):
    - AlicloudUT
    - AlicloudUtils
  - AlicloudUT (5.2.0.16):
    - AlicloudUTDID
  - AlicloudUTDID (1.5.0.94)
  - AlicloudUtils (1.3.9):
    - AlicloudUTDID
  - GrowingAnalytics/Advertising (3.2.1-beta):
    - GrowingAnalytics/TrackerCore
  - GrowingAnalytics/Autotracker (3.2.1-beta):
    - GrowingAnalytics/AutotrackerCore
    - GrowingAnalytics/Encryption
    - GrowingAnalytics/MobileDebugger
    - GrowingAnalytics/Network
    - GrowingAnalytics/WebCircle
  - GrowingAnalytics/AutotrackerCore (3.2.1-beta):
    - GrowingAnalytics/Hybrid
    - GrowingAnalytics/TrackerCore
  - GrowingAnalytics/ENABLE_ENCRYPTION (3.2.1-beta):
    - GrowingAnalytics/TrackerCore
  - GrowingAnalytics/Encryption (3.2.1-beta):
    - GrowingAnalytics/TrackerCore
  - GrowingAnalytics/Hybrid (3.2.1-beta):
    - GrowingAnalytics/TrackerCore
  - GrowingAnalytics/MobileDebugger (3.2.1-beta):
    - GrowingAnalytics/TrackerCore
  - GrowingAnalytics/Network (3.2.1-beta):
    - GrowingAnalytics/TrackerCore
  - GrowingAnalytics/Tracker (3.2.1-beta):
    - GrowingAnalytics/Encryption
    - GrowingAnalytics/MobileDebugger
    - GrowingAnalytics/Network
    - GrowingAnalytics/TrackerCore
  - GrowingAnalytics/TrackerCore (3.2.1-beta)
  - GrowingAnalytics/WebCircle (3.2.1-beta):
    - GrowingAnalytics/AutotrackerCore
    - GrowingAnalytics/Hybrid
  - KIF (3.7.11):
    - KIF/Core (= 3.7.11)
  - KIF/Core (3.7.11)
  - MBProgressHUD (1.2.0)
  - MJRefresh (3.5.0)
  - SDCycleScrollView (1.82):
    - SDWebImage (>= 5.0.0)
  - SDWebImage (5.9.5):
    - SDWebImage/Core (= 5.9.5)
  - SDWebImage/Core (5.9.5)

DEPENDENCIES:
  - AlicloudPush (~> 1.9.8)
  - GrowingAnalytics/Advertising (from `./`)
  - GrowingAnalytics/Autotracker (from `./`)
  - GrowingAnalytics/ENABLE_ENCRYPTION (from `./`)
  - GrowingAnalytics/Tracker (from `./`)
  - KIF
  - MBProgressHUD
  - MJRefresh
  - SDCycleScrollView (~> 1.75)

SPEC REPOS:
  https://github.com/aliyun/aliyun-specs.git:
    - AlicloudPush
    - AlicloudUT
    - AlicloudUTDID
    - AlicloudUtils
  https://github.com/CocoaPods/Specs.git:
    - KIF
    - MBProgressHUD
    - MJRefresh
    - SDCycleScrollView
    - SDWebImage

EXTERNAL SOURCES:
  GrowingAnalytics:
    :path: "./"

SPEC CHECKSUMS:
  AlicloudPush: 221d1de5f4b94e41b725a4a263626b22beb05016
  AlicloudUT: 6d1cf30d57d096b7e9bb4b069dd0ba6ad59a3338
  AlicloudUTDID: 7323c443dcdf9a73e2224dc6ce51703671d7a765
  AlicloudUtils: 66e0ba6ece62d7dd05e9dd95674b2c7811624c2f
  GrowingAnalytics: 6620463d81f5f47e13d0200bd774a26dcbbb42dd
  KIF: 927c502455cd746771c57e9b3a5123c67c7fa0b5
  MBProgressHUD: 3ee5efcc380f6a79a7cc9b363dd669c5e1ae7406
  MJRefresh: 6afc955813966afb08305477dd7a0d9ad5e79a16
  SDCycleScrollView: a0d74c3384caa72bdfc81470bdbc8c14b3e1fbcf
  SDWebImage: 0b2ba0d56479bf6a45ecddbfd5558bea93150d25

PODFILE CHECKSUM: f2b3df3a049e5b23daf1aaaad153b8650303ab69

COCOAPODS: 1.9.1
