// !$*UTF8*$!
{
	archiveVersion = 1;
	classes = {
	};
	objectVersion = 46;
	objects = {

/* Begin PBXBuildFile section */
		200458CB7FD1075616C7D652 /* Pods_GrowingIO_Example.framework in Frameworks */ = {isa = PBXBuildFile; fileRef = A4E5C55D6D8A5A241ABCCCB3 /* Pods_GrowingIO_Example.framework */; };
		425E0C1124D9345400BEEA93 /* merge.ico in Resources */ = {isa = PBXBuildFile; fileRef = 425E0BD124D9345300BEEA93 /* merge.ico */; };
		425E0C1224D9345400BEEA93 /* agree.ico in Resources */ = {isa = PBXBuildFile; fileRef = 425E0BD224D9345300BEEA93 /* agree.ico */; };
		425E0C1324D9345400BEEA93 /* cycle_08.jpg in Resources */ = {isa = PBXBuildFile; fileRef = 425E0BD324D9345300BEEA93 /* cycle_08.jpg */; };
		425E0C1424D9345400BEEA93 /* recomand_01.jpg in Resources */ = {isa = PBXBuildFile; fileRef = 425E0BD424D9345300BEEA93 /* recomand_01.jpg */; };
		425E0C1524D9345400BEEA93 /* recomand_03.jpg in Resources */ = {isa = PBXBuildFile; fileRef = 425E0BD524D9345300BEEA93 /* recomand_03.jpg */; };
		425E0C1624D9345400BEEA93 /* recomand_02.jpg in Resources */ = {isa = PBXBuildFile; fileRef = 425E0BD624D9345300BEEA93 /* recomand_02.jpg */; };
		425E0C1724D9345400BEEA93 /* API.ico in Resources */ = {isa = PBXBuildFile; fileRef = 425E0BD724D9345300BEEA93 /* API.ico */; };
		425E0C1824D9345400BEEA93 /* fire.ico in Resources */ = {isa = PBXBuildFile; fileRef = 425E0BD824D9345300BEEA93 /* fire.ico */; };
		425E0C1924D9345400BEEA93 /* uipage.png in Resources */ = {isa = PBXBuildFile; fileRef = 425E0BD924D9345300BEEA93 /* uipage.png */; };
		425E0C1A24D9345400BEEA93 /* greenWave.png in Resources */ = {isa = PBXBuildFile; fileRef = 425E0BDA24D9345300BEEA93 /* greenWave.png */; };
		425E0C1B24D9345400BEEA93 /* cycle_07.jpg in Resources */ = {isa = PBXBuildFile; fileRef = 425E0BDB24D9345300BEEA93 /* cycle_07.jpg */; };
		425E0C1C24D9345400BEEA93 /* cycle_06.jpg in Resources */ = {isa = PBXBuildFile; fileRef = 425E0BDC24D9345300BEEA93 /* cycle_06.jpg */; };
		425E0C1D24D9345400BEEA93 /* cycle_04.jpg in Resources */ = {isa = PBXBuildFile; fileRef = 425E0BDD24D9345300BEEA93 /* cycle_04.jpg */; };
		425E0C1E24D9345400BEEA93 /* cycle_05.jpg in Resources */ = {isa = PBXBuildFile; fileRef = 425E0BDE24D9345300BEEA93 /* cycle_05.jpg */; };
		425E0C1F24D9345400BEEA93 /* cycle_01.jpg in Resources */ = {isa = PBXBuildFile; fileRef = 425E0BDF24D9345300BEEA93 /* cycle_01.jpg */; };
		425E0C2024D9345400BEEA93 /* cycle_02.jpg in Resources */ = {isa = PBXBuildFile; fileRef = 425E0BE024D9345300BEEA93 /* cycle_02.jpg */; };
		425E0C2124D9345400BEEA93 /* cycle_03.jpg in Resources */ = {isa = PBXBuildFile; fileRef = 425E0BE124D9345300BEEA93 /* cycle_03.jpg */; };
		425E0C2224D9345400BEEA93 /* Assets.xcassets in Resources */ = {isa = PBXBuildFile; fileRef = 425E0BE224D9345300BEEA93 /* Assets.xcassets */; };
		425E0C2324D9345400BEEA93 /* GIOUserIdViewController.m in Sources */ = {isa = PBXBuildFile; fileRef = 425E0BE624D9345300BEEA93 /* GIOUserIdViewController.m */; };
		425E0C2424D9345400BEEA93 /* GIOAttributesTrackViewController.m in Sources */ = {isa = PBXBuildFile; fileRef = 425E0BEC24D9345300BEEA93 /* GIOAttributesTrackViewController.m */; };
		425E0C2524D9345400BEEA93 /* GIOInputChangeEventViewController.m in Sources */ = {isa = PBXBuildFile; fileRef = 425E0BED24D9345300BEEA93 /* GIOInputChangeEventViewController.m */; };
		425E0C2624D9345400BEEA93 /* GrowingKeyValueCell.m in Sources */ = {isa = PBXBuildFile; fileRef = 425E0BEF24D9345300BEEA93 /* GrowingKeyValueCell.m */; };
		425E0C2724D9345400BEEA93 /* GrowingKeyValueCell.xib in Resources */ = {isa = PBXBuildFile; fileRef = 425E0BF024D9345300BEEA93 /* GrowingKeyValueCell.xib */; };
		425E0C2824D9345400BEEA93 /* PVarEventViewController.m in Sources */ = {isa = PBXBuildFile; fileRef = 425E0BF224D9345300BEEA93 /* PVarEventViewController.m */; };
		425E0C2924D9345400BEEA93 /* GIOClickEventViewController.m in Sources */ = {isa = PBXBuildFile; fileRef = 425E0BF324D9345300BEEA93 /* GIOClickEventViewController.m */; };
		425E0C2A24D9345400BEEA93 /* MeasurementProtocolTableViewController.m in Sources */ = {isa = PBXBuildFile; fileRef = 425E0BF424D9345300BEEA93 /* MeasurementProtocolTableViewController.m */; };
		425E0C2B24D9345400BEEA93 /* GIOCstmEventViewController.m in Sources */ = {isa = PBXBuildFile; fileRef = 425E0BF524D9345300BEEA93 /* GIOCstmEventViewController.m */; };
		425E0C2C24D9345400BEEA93 /* GIOVisitEventViewController.m in Sources */ = {isa = PBXBuildFile; fileRef = 425E0BF624D9345300BEEA93 /* GIOVisitEventViewController.m */; };
		425E0C2D24D9345400BEEA93 /* ContainerViewController.m in Sources */ = {isa = PBXBuildFile; fileRef = 425E0BF924D9345300BEEA93 /* ContainerViewController.m */; };
		425E0C2E24D9345400BEEA93 /* GIOPageEventViewController.m in Sources */ = {isa = PBXBuildFile; fileRef = 425E0BFC24D9345300BEEA93 /* GIOPageEventViewController.m */; };
		425E0C2F24D9345400BEEA93 /* FirstViewController.m in Sources */ = {isa = PBXBuildFile; fileRef = 425E0BFE24D9345300BEEA93 /* FirstViewController.m */; };
		425E0C3024D9345400BEEA93 /* SecondViewController.m in Sources */ = {isa = PBXBuildFile; fileRef = 425E0BFF24D9345300BEEA93 /* SecondViewController.m */; };
		425E0C3124D9345400BEEA93 /* AliyunEmasServices-Info.plist in Resources */ = {isa = PBXBuildFile; fileRef = 425E0C0324D9345400BEEA93 /* AliyunEmasServices-Info.plist */; };
		425E0C3224D9345400BEEA93 /* AppDelegate.m in Sources */ = {isa = PBXBuildFile; fileRef = 425E0C0424D9345400BEEA93 /* AppDelegate.m */; };
		425E0C3324D9345400BEEA93 /* GIODataProcessOperation.m in Sources */ = {isa = PBXBuildFile; fileRef = 425E0C0624D9345400BEEA93 /* GIODataProcessOperation.m */; };
		425E0C3424D9345400BEEA93 /* MBProgressHUD+GrowingHelper.m in Sources */ = {isa = PBXBuildFile; fileRef = 425E0C0824D9345400BEEA93 /* MBProgressHUD+GrowingHelper.m */; };
		425E0C3524D9345400BEEA93 /* GIOConstants.m in Sources */ = {isa = PBXBuildFile; fileRef = 425E0C0A24D9345400BEEA93 /* GIOConstants.m */; };
		425E0C5C24D9346200BEEA93 /* GIOLabelAttributeViewController.m in Sources */ = {isa = PBXBuildFile; fileRef = 425E0C3924D9346200BEEA93 /* GIOLabelAttributeViewController.m */; };
		425E0C5D24D9346200BEEA93 /* GIOTextFieldViewController.m in Sources */ = {isa = PBXBuildFile; fileRef = 425E0C3A24D9346200BEEA93 /* GIOTextFieldViewController.m */; };
		425E0C5E24D9346200BEEA93 /* GIOCollectionViewController.m in Sources */ = {isa = PBXBuildFile; fileRef = 425E0C3B24D9346200BEEA93 /* GIOCollectionViewController.m */; };
		425E0C5F24D9346200BEEA93 /* GIOUICategoryViewController.m in Sources */ = {isa = PBXBuildFile; fileRef = 425E0C3C24D9346200BEEA93 /* GIOUICategoryViewController.m */; };
		425E0C6024D9346200BEEA93 /* gio_hybrid.html in Resources */ = {isa = PBXBuildFile; fileRef = 425E0C3E24D9346200BEEA93 /* gio_hybrid.html */; };
		425E0C6124D9346200BEEA93 /* GIOActionSheetViewController.m in Sources */ = {isa = PBXBuildFile; fileRef = 425E0C4024D9346200BEEA93 /* GIOActionSheetViewController.m */; };
		425E0C6224D9346200BEEA93 /* GIOSimpleUIElemtsViewController.m in Sources */ = {isa = PBXBuildFile; fileRef = 425E0C4124D9346200BEEA93 /* GIOSimpleUIElemtsViewController.m */; };
		425E0C6324D9346200BEEA93 /* GIOHybridViewController.m in Sources */ = {isa = PBXBuildFile; fileRef = 425E0C4224D9346200BEEA93 /* GIOHybridViewController.m */; };
		425E0C6424D9346200BEEA93 /* GIOBannerAndTableViewController.m in Sources */ = {isa = PBXBuildFile; fileRef = 425E0C4524D9346200BEEA93 /* GIOBannerAndTableViewController.m */; };
		425E0C6524D9346200BEEA93 /* GIOMultiViewController.m in Sources */ = {isa = PBXBuildFile; fileRef = 425E0C4924D9346200BEEA93 /* GIOMultiViewController.m */; };
		425E0C6624D9346200BEEA93 /* GIOPageStructureViewController.m in Sources */ = {isa = PBXBuildFile; fileRef = 425E0C4A24D9346200BEEA93 /* GIOPageStructureViewController.m */; };
		425E0C6724D9346200BEEA93 /* GIOPageStructure.storyboard in Resources */ = {isa = PBXBuildFile; fileRef = 425E0C4C24D9346200BEEA93 /* GIOPageStructure.storyboard */; };
		425E0C6824D9346200BEEA93 /* GIOFoodTableViewCell.m in Sources */ = {isa = PBXBuildFile; fileRef = 425E0C4E24D9346200BEEA93 /* GIOFoodTableViewCell.m */; };
		425E0C6924D9346200BEEA93 /* GIOCollectionViewCell.m in Sources */ = {isa = PBXBuildFile; fileRef = 425E0C4F24D9346200BEEA93 /* GIOCollectionViewCell.m */; };
		425E0C6A24D9346200BEEA93 /* GIOCollectionViewCell.xib in Resources */ = {isa = PBXBuildFile; fileRef = 425E0C5024D9346200BEEA93 /* GIOCollectionViewCell.xib */; };
		425E0C6B24D9346200BEEA93 /* GIOFoodTableViewCell.xib in Resources */ = {isa = PBXBuildFile; fileRef = 425E0C5324D9346200BEEA93 /* GIOFoodTableViewCell.xib */; };
		425E0C6C24D9346200BEEA93 /* GIOListTableViewCell.m in Sources */ = {isa = PBXBuildFile; fileRef = 425E0C5524D9346200BEEA93 /* GIOListTableViewCell.m */; };
		425E0C6D24D9346200BEEA93 /* GIOListTableViewCell.xib in Resources */ = {isa = PBXBuildFile; fileRef = 425E0C5624D9346200BEEA93 /* GIOListTableViewCell.xib */; };
		425E0C6E24D9346200BEEA93 /* GIOButtonViewController.m in Sources */ = {isa = PBXBuildFile; fileRef = 425E0C5824D9346200BEEA93 /* GIOButtonViewController.m */; };
		425E0C7524D93B3100BEEA93 /* Main.storyboard in Resources */ = {isa = PBXBuildFile; fileRef = 425E0C7124D93B3000BEEA93 /* Main.storyboard */; };
		425E0C7624D93B3100BEEA93 /* LaunchScreen.storyboard in Resources */ = {isa = PBXBuildFile; fileRef = 425E0C7324D93B3000BEEA93 /* LaunchScreen.storyboard */; };
		4962652B24DA667900032551 /* GrowingIO_ExampleTests.m in Sources */ = {isa = PBXBuildFile; fileRef = 4962652924DA667900032551 /* GrowingIO_ExampleTests.m */; };
		4962653924DA66B600032551 /* LogOperHelper.m in Sources */ = {isa = PBXBuildFile; fileRef = 4962652E24DA66B600032551 /* LogOperHelper.m */; };
		4962653A24DA66B600032551 /* ManualTrackHelper.m in Sources */ = {isa = PBXBuildFile; fileRef = 4962653224DA66B600032551 /* ManualTrackHelper.m */; };
		4962653B24DA66B600032551 /* MockEventQueue.m in Sources */ = {isa = PBXBuildFile; fileRef = 4962653324DA66B600032551 /* MockEventQueue.m */; };
		4962653C24DA66B600032551 /* GrowingTestHelper.m in Sources */ = {isa = PBXBuildFile; fileRef = 4962653524DA66B600032551 /* GrowingTestHelper.m */; };
		4962653D24DA66B600032551 /* NoburPoMeaProCheck.m in Sources */ = {isa = PBXBuildFile; fileRef = 4962653624DA66B600032551 /* NoburPoMeaProCheck.m */; };
		4962653E24DA66B600032551 /* NSURLSession+TestHook.m in Sources */ = {isa = PBXBuildFile; fileRef = 4962653724DA66B600032551 /* NSURLSession+TestHook.m */; };
		4962656624DA66BF00032551 /* TrackAPIMainThreadTest.m in Sources */ = {isa = PBXBuildFile; fileRef = 4962654224DA66BF00032551 /* TrackAPIMainThreadTest.m */; };
		4962656724DA66BF00032551 /* MediatorTest.m in Sources */ = {isa = PBXBuildFile; fileRef = 4962654324DA66BF00032551 /* MediatorTest.m */; };
		4962656824DA66BF00032551 /* GetIDsTest.m in Sources */ = {isa = PBXBuildFile; fileRef = 4962654624DA66BF00032551 /* GetIDsTest.m */; };
		4962656924DA66BF00032551 /* GDPRTest.m in Sources */ = {isa = PBXBuildFile; fileRef = 4962654724DA66BF00032551 /* GDPRTest.m */; };
		4962656A24DA66BF00032551 /* TrackViewTest.m in Sources */ = {isa = PBXBuildFile; fileRef = 4962654824DA66BF00032551 /* TrackViewTest.m */; };
		4962656B24DA66BF00032551 /* FlushIntervalAPITest.m in Sources */ = {isa = PBXBuildFile; fileRef = 4962654924DA66BF00032551 /* FlushIntervalAPITest.m */; };
		4962656C24DA66BF00032551 /* DailyDataLimit.m in Sources */ = {isa = PBXBuildFile; fileRef = 4962654A24DA66BF00032551 /* DailyDataLimit.m */; };
		4962656D24DA66BF00032551 /* GetEnableLogTest.m in Sources */ = {isa = PBXBuildFile; fileRef = 4962654C24DA66BF00032551 /* GetEnableLogTest.m */; };
		4962656E24DA66BF00032551 /* GetConfigurationTest.m in Sources */ = {isa = PBXBuildFile; fileRef = 4962654E24DA66BF00032551 /* GetConfigurationTest.m */; };
		4962656F24DA66BF00032551 /* EvarEventsTest.m in Sources */ = {isa = PBXBuildFile; fileRef = 4962655224DA66BF00032551 /* EvarEventsTest.m */; };
		4962657024DA66BF00032551 /* VstrEventsTest.m in Sources */ = {isa = PBXBuildFile; fileRef = 4962655424DA66BF00032551 /* VstrEventsTest.m */; };
		4962657124DA66BF00032551 /* CstmEventsTest.m in Sources */ = {isa = PBXBuildFile; fileRef = 4962655724DA66BF00032551 /* CstmEventsTest.m */; };
		4962657224DA66BF00032551 /* CS1ManualTrackTest.m in Sources */ = {isa = PBXBuildFile; fileRef = 4962655824DA66BF00032551 /* CS1ManualTrackTest.m */; };
		4962657324DA66BF00032551 /* PPLEventsTest.m in Sources */ = {isa = PBXBuildFile; fileRef = 4962655A24DA66BF00032551 /* PPLEventsTest.m */; };
		4962657424DA66BF00032551 /* AppVarEventsTest.m in Sources */ = {isa = PBXBuildFile; fileRef = 4962655C24DA66BF00032551 /* AppVarEventsTest.m */; };
		4962657524DA66BF00032551 /* PvarEventsTest.m in Sources */ = {isa = PBXBuildFile; fileRef = 4962655D24DA66BF00032551 /* PvarEventsTest.m */; };
		4962657624DA66BF00032551 /* VstEventsTest.m in Sources */ = {isa = PBXBuildFile; fileRef = 4962655F24DA66BF00032551 /* VstEventsTest.m */; };
		4962657724DA66BF00032551 /* ClckEventsTest.m in Sources */ = {isa = PBXBuildFile; fileRef = 4962656024DA66BF00032551 /* ClckEventsTest.m */; };
		4962657824DA66BF00032551 /* pageEventsTest.m in Sources */ = {isa = PBXBuildFile; fileRef = 4962656324DA66BF00032551 /* pageEventsTest.m */; };
		4962657924DA66BF00032551 /* ChgEventsTest.m in Sources */ = {isa = PBXBuildFile; fileRef = 4962656524DA66BF00032551 /* ChgEventsTest.m */; };
		6003F58E195388D20070C39A /* Foundation.framework in Frameworks */ = {isa = PBXBuildFile; fileRef = 6003F58D195388D20070C39A /* Foundation.framework */; };
		6003F590195388D20070C39A /* CoreGraphics.framework in Frameworks */ = {isa = PBXBuildFile; fileRef = 6003F58F195388D20070C39A /* CoreGraphics.framework */; };
		6003F592195388D20070C39A /* UIKit.framework in Frameworks */ = {isa = PBXBuildFile; fileRef = 6003F591195388D20070C39A /* UIKit.framework */; };
		6003F598195388D20070C39A /* InfoPlist.strings in Resources */ = {isa = PBXBuildFile; fileRef = 6003F596195388D20070C39A /* InfoPlist.strings */; };
		6003F59A195388D20070C39A /* main.m in Sources */ = {isa = PBXBuildFile; fileRef = 6003F599195388D20070C39A /* main.m */; };
		B6A93A6A1CB7D1C840EF7892 /* Pods_GrowingIO_ExampleTests.framework in Frameworks */ = {isa = PBXBuildFile; fileRef = 4C0434E2008C053A776D1B69 /* Pods_GrowingIO_ExampleTests.framework */; };
/* End PBXBuildFile section */

/* Begin PBXContainerItemProxy section */
		4962652324DA665200032551 /* PBXContainerItemProxy */ = {
			isa = PBXContainerItemProxy;
			containerPortal = 6003F582195388D10070C39A /* Project object */;
			proxyType = 1;
			remoteGlobalIDString = 6003F589195388D20070C39A;
			remoteInfo = GrowingIO_Example;
		};
/* End PBXContainerItemProxy section */

/* Begin PBXCopyFilesBuildPhase section */
		425E091A24D90EAB00BEEA93 /* Embed Frameworks */ = {
			isa = PBXCopyFilesBuildPhase;
			buildActionMask = 2147483647;
			dstPath = "";
			dstSubfolderSpec = 10;
			files = (
			);
			name = "Embed Frameworks";
			runOnlyForDeploymentPostprocessing = 0;
		};
/* End PBXCopyFilesBuildPhase section */

/* Begin PBXFileReference section */
		144F4070141B6710E7689DE2 /* LICENSE */ = {isa = PBXFileReference; includeInIndex = 1; lastKnownFileType = text; name = LICENSE; path = ../LICENSE; sourceTree = "<group>"; };
		41F669315FBE7326225A12C7 /* Pods-GrowingIO_Example.release.xcconfig */ = {isa = PBXFileReference; includeInIndex = 1; lastKnownFileType = text.xcconfig; name = "Pods-GrowingIO_Example.release.xcconfig"; path = "Target Support Files/Pods-GrowingIO_Example/Pods-GrowingIO_Example.release.xcconfig"; sourceTree = "<group>"; };
		425E0BD124D9345300BEEA93 /* merge.ico */ = {isa = PBXFileReference; lastKnownFileType = image.ico; path = merge.ico; sourceTree = "<group>"; };
		425E0BD224D9345300BEEA93 /* agree.ico */ = {isa = PBXFileReference; lastKnownFileType = image.ico; path = agree.ico; sourceTree = "<group>"; };
		425E0BD324D9345300BEEA93 /* cycle_08.jpg */ = {isa = PBXFileReference; lastKnownFileType = image.jpeg; path = cycle_08.jpg; sourceTree = "<group>"; };
		425E0BD424D9345300BEEA93 /* recomand_01.jpg */ = {isa = PBXFileReference; lastKnownFileType = image.jpeg; path = recomand_01.jpg; sourceTree = "<group>"; };
		425E0BD524D9345300BEEA93 /* recomand_03.jpg */ = {isa = PBXFileReference; lastKnownFileType = image.jpeg; path = recomand_03.jpg; sourceTree = "<group>"; };
		425E0BD624D9345300BEEA93 /* recomand_02.jpg */ = {isa = PBXFileReference; lastKnownFileType = image.jpeg; path = recomand_02.jpg; sourceTree = "<group>"; };
		425E0BD724D9345300BEEA93 /* API.ico */ = {isa = PBXFileReference; lastKnownFileType = image.ico; path = API.ico; sourceTree = "<group>"; };
		425E0BD824D9345300BEEA93 /* fire.ico */ = {isa = PBXFileReference; lastKnownFileType = image.ico; path = fire.ico; sourceTree = "<group>"; };
		425E0BD924D9345300BEEA93 /* uipage.png */ = {isa = PBXFileReference; lastKnownFileType = image.png; path = uipage.png; sourceTree = "<group>"; };
		425E0BDA24D9345300BEEA93 /* greenWave.png */ = {isa = PBXFileReference; lastKnownFileType = image.png; path = greenWave.png; sourceTree = "<group>"; };
		425E0BDB24D9345300BEEA93 /* cycle_07.jpg */ = {isa = PBXFileReference; lastKnownFileType = image.jpeg; path = cycle_07.jpg; sourceTree = "<group>"; };
		425E0BDC24D9345300BEEA93 /* cycle_06.jpg */ = {isa = PBXFileReference; lastKnownFileType = image.jpeg; path = cycle_06.jpg; sourceTree = "<group>"; };
		425E0BDD24D9345300BEEA93 /* cycle_04.jpg */ = {isa = PBXFileReference; lastKnownFileType = image.jpeg; path = cycle_04.jpg; sourceTree = "<group>"; };
		425E0BDE24D9345300BEEA93 /* cycle_05.jpg */ = {isa = PBXFileReference; lastKnownFileType = image.jpeg; path = cycle_05.jpg; sourceTree = "<group>"; };
		425E0BDF24D9345300BEEA93 /* cycle_01.jpg */ = {isa = PBXFileReference; lastKnownFileType = image.jpeg; path = cycle_01.jpg; sourceTree = "<group>"; };
		425E0BE024D9345300BEEA93 /* cycle_02.jpg */ = {isa = PBXFileReference; lastKnownFileType = image.jpeg; path = cycle_02.jpg; sourceTree = "<group>"; };
		425E0BE124D9345300BEEA93 /* cycle_03.jpg */ = {isa = PBXFileReference; lastKnownFileType = image.jpeg; path = cycle_03.jpg; sourceTree = "<group>"; };
		425E0BE224D9345300BEEA93 /* Assets.xcassets */ = {isa = PBXFileReference; lastKnownFileType = folder.assetcatalog; path = Assets.xcassets; sourceTree = "<group>"; };
		425E0BE424D9345300BEEA93 /* GIOInputChangeEventViewController.h */ = {isa = PBXFileReference; fileEncoding = 4; lastKnownFileType = sourcecode.c.h; path = GIOInputChangeEventViewController.h; sourceTree = "<group>"; };
		425E0BE524D9345300BEEA93 /* GIOAttributesTrackViewController.h */ = {isa = PBXFileReference; fileEncoding = 4; lastKnownFileType = sourcecode.c.h; path = GIOAttributesTrackViewController.h; sourceTree = "<group>"; };
		425E0BE624D9345300BEEA93 /* GIOUserIdViewController.m */ = {isa = PBXFileReference; fileEncoding = 4; lastKnownFileType = sourcecode.c.objc; path = GIOUserIdViewController.m; sourceTree = "<group>"; };
		425E0BE724D9345300BEEA93 /* GIOVisitEventViewController.h */ = {isa = PBXFileReference; fileEncoding = 4; lastKnownFileType = sourcecode.c.h; path = GIOVisitEventViewController.h; sourceTree = "<group>"; };
		425E0BE824D9345300BEEA93 /* GIOCstmEventViewController.h */ = {isa = PBXFileReference; fileEncoding = 4; lastKnownFileType = sourcecode.c.h; path = GIOCstmEventViewController.h; sourceTree = "<group>"; };
		425E0BE924D9345300BEEA93 /* MeasurementProtocolTableViewController.h */ = {isa = PBXFileReference; fileEncoding = 4; lastKnownFileType = sourcecode.c.h; path = MeasurementProtocolTableViewController.h; sourceTree = "<group>"; };
		425E0BEA24D9345300BEEA93 /* GIOClickEventViewController.h */ = {isa = PBXFileReference; fileEncoding = 4; lastKnownFileType = sourcecode.c.h; path = GIOClickEventViewController.h; sourceTree = "<group>"; };
		425E0BEB24D9345300BEEA93 /* PVarEventViewController.h */ = {isa = PBXFileReference; fileEncoding = 4; lastKnownFileType = sourcecode.c.h; path = PVarEventViewController.h; sourceTree = "<group>"; };
		425E0BEC24D9345300BEEA93 /* GIOAttributesTrackViewController.m */ = {isa = PBXFileReference; fileEncoding = 4; lastKnownFileType = sourcecode.c.objc; path = GIOAttributesTrackViewController.m; sourceTree = "<group>"; };
		425E0BED24D9345300BEEA93 /* GIOInputChangeEventViewController.m */ = {isa = PBXFileReference; fileEncoding = 4; lastKnownFileType = sourcecode.c.objc; path = GIOInputChangeEventViewController.m; sourceTree = "<group>"; };
		425E0BEF24D9345300BEEA93 /* GrowingKeyValueCell.m */ = {isa = PBXFileReference; fileEncoding = 4; lastKnownFileType = sourcecode.c.objc; path = GrowingKeyValueCell.m; sourceTree = "<group>"; };
		425E0BF024D9345300BEEA93 /* GrowingKeyValueCell.xib */ = {isa = PBXFileReference; fileEncoding = 4; lastKnownFileType = file.xib; path = GrowingKeyValueCell.xib; sourceTree = "<group>"; };
		425E0BF124D9345300BEEA93 /* GrowingKeyValueCell.h */ = {isa = PBXFileReference; fileEncoding = 4; lastKnownFileType = sourcecode.c.h; path = GrowingKeyValueCell.h; sourceTree = "<group>"; };
		425E0BF224D9345300BEEA93 /* PVarEventViewController.m */ = {isa = PBXFileReference; fileEncoding = 4; lastKnownFileType = sourcecode.c.objc; path = PVarEventViewController.m; sourceTree = "<group>"; };
		425E0BF324D9345300BEEA93 /* GIOClickEventViewController.m */ = {isa = PBXFileReference; fileEncoding = 4; lastKnownFileType = sourcecode.c.objc; path = GIOClickEventViewController.m; sourceTree = "<group>"; };
		425E0BF424D9345300BEEA93 /* MeasurementProtocolTableViewController.m */ = {isa = PBXFileReference; fileEncoding = 4; lastKnownFileType = sourcecode.c.objc; path = MeasurementProtocolTableViewController.m; sourceTree = "<group>"; };
		425E0BF524D9345300BEEA93 /* GIOCstmEventViewController.m */ = {isa = PBXFileReference; fileEncoding = 4; lastKnownFileType = sourcecode.c.objc; path = GIOCstmEventViewController.m; sourceTree = "<group>"; };
		425E0BF624D9345300BEEA93 /* GIOVisitEventViewController.m */ = {isa = PBXFileReference; fileEncoding = 4; lastKnownFileType = sourcecode.c.objc; path = GIOVisitEventViewController.m; sourceTree = "<group>"; };
		425E0BF724D9345300BEEA93 /* GIOUserIdViewController.h */ = {isa = PBXFileReference; fileEncoding = 4; lastKnownFileType = sourcecode.c.h; path = GIOUserIdViewController.h; sourceTree = "<group>"; };
		425E0BF924D9345300BEEA93 /* ContainerViewController.m */ = {isa = PBXFileReference; fileEncoding = 4; lastKnownFileType = sourcecode.c.objc; path = ContainerViewController.m; sourceTree = "<group>"; };
		425E0BFA24D9345300BEEA93 /* FirstViewController.h */ = {isa = PBXFileReference; fileEncoding = 4; lastKnownFileType = sourcecode.c.h; path = FirstViewController.h; sourceTree = "<group>"; };
		425E0BFB24D9345300BEEA93 /* SecondViewController.h */ = {isa = PBXFileReference; fileEncoding = 4; lastKnownFileType = sourcecode.c.h; path = SecondViewController.h; sourceTree = "<group>"; };
		425E0BFC24D9345300BEEA93 /* GIOPageEventViewController.m */ = {isa = PBXFileReference; fileEncoding = 4; lastKnownFileType = sourcecode.c.objc; path = GIOPageEventViewController.m; sourceTree = "<group>"; };
		425E0BFD24D9345300BEEA93 /* ContainerViewController.h */ = {isa = PBXFileReference; fileEncoding = 4; lastKnownFileType = sourcecode.c.h; path = ContainerViewController.h; sourceTree = "<group>"; };
		425E0BFE24D9345300BEEA93 /* FirstViewController.m */ = {isa = PBXFileReference; fileEncoding = 4; lastKnownFileType = sourcecode.c.objc; path = FirstViewController.m; sourceTree = "<group>"; };
		425E0BFF24D9345300BEEA93 /* SecondViewController.m */ = {isa = PBXFileReference; fileEncoding = 4; lastKnownFileType = sourcecode.c.objc; path = SecondViewController.m; sourceTree = "<group>"; };
		425E0C0024D9345300BEEA93 /* GIOPageEventViewController.h */ = {isa = PBXFileReference; fileEncoding = 4; lastKnownFileType = sourcecode.c.h; path = GIOPageEventViewController.h; sourceTree = "<group>"; };
		425E0C0124D9345400BEEA93 /* GrowingIO.entitlements */ = {isa = PBXFileReference; fileEncoding = 4; lastKnownFileType = text.plist.entitlements; path = GrowingIO.entitlements; sourceTree = "<group>"; };
		425E0C0224D9345400BEEA93 /* AppDelegate.h */ = {isa = PBXFileReference; fileEncoding = 4; lastKnownFileType = sourcecode.c.h; path = AppDelegate.h; sourceTree = "<group>"; };
		425E0C0324D9345400BEEA93 /* AliyunEmasServices-Info.plist */ = {isa = PBXFileReference; fileEncoding = 4; lastKnownFileType = text.plist.xml; path = "AliyunEmasServices-Info.plist"; sourceTree = "<group>"; };
		425E0C0424D9345400BEEA93 /* AppDelegate.m */ = {isa = PBXFileReference; fileEncoding = 4; lastKnownFileType = sourcecode.c.objc; path = AppDelegate.m; sourceTree = "<group>"; };
		425E0C0624D9345400BEEA93 /* GIODataProcessOperation.m */ = {isa = PBXFileReference; fileEncoding = 4; lastKnownFileType = sourcecode.c.objc; path = GIODataProcessOperation.m; sourceTree = "<group>"; };
		425E0C0724D9345400BEEA93 /* GIOConstants.h */ = {isa = PBXFileReference; fileEncoding = 4; lastKnownFileType = sourcecode.c.h; path = GIOConstants.h; sourceTree = "<group>"; };
		425E0C0824D9345400BEEA93 /* MBProgressHUD+GrowingHelper.m */ = {isa = PBXFileReference; fileEncoding = 4; lastKnownFileType = sourcecode.c.objc; path = "MBProgressHUD+GrowingHelper.m"; sourceTree = "<group>"; };
		425E0C0924D9345400BEEA93 /* GIODataProcessOperation.h */ = {isa = PBXFileReference; fileEncoding = 4; lastKnownFileType = sourcecode.c.h; path = GIODataProcessOperation.h; sourceTree = "<group>"; };
		425E0C0A24D9345400BEEA93 /* GIOConstants.m */ = {isa = PBXFileReference; fileEncoding = 4; lastKnownFileType = sourcecode.c.objc; path = GIOConstants.m; sourceTree = "<group>"; };
		425E0C0B24D9345400BEEA93 /* MBProgressHUD+GrowingHelper.h */ = {isa = PBXFileReference; fileEncoding = 4; lastKnownFileType = sourcecode.c.h; path = "MBProgressHUD+GrowingHelper.h"; sourceTree = "<group>"; };
		425E0C3924D9346200BEEA93 /* GIOLabelAttributeViewController.m */ = {isa = PBXFileReference; fileEncoding = 4; lastKnownFileType = sourcecode.c.objc; path = GIOLabelAttributeViewController.m; sourceTree = "<group>"; };
		425E0C3A24D9346200BEEA93 /* GIOTextFieldViewController.m */ = {isa = PBXFileReference; fileEncoding = 4; lastKnownFileType = sourcecode.c.objc; path = GIOTextFieldViewController.m; sourceTree = "<group>"; };
		425E0C3B24D9346200BEEA93 /* GIOCollectionViewController.m */ = {isa = PBXFileReference; fileEncoding = 4; lastKnownFileType = sourcecode.c.objc; path = GIOCollectionViewController.m; sourceTree = "<group>"; };
		425E0C3C24D9346200BEEA93 /* GIOUICategoryViewController.m */ = {isa = PBXFileReference; fileEncoding = 4; lastKnownFileType = sourcecode.c.objc; path = GIOUICategoryViewController.m; sourceTree = "<group>"; };
		425E0C3D24D9346200BEEA93 /* GIOBannerAndTableViewController.h */ = {isa = PBXFileReference; fileEncoding = 4; lastKnownFileType = sourcecode.c.h; path = GIOBannerAndTableViewController.h; sourceTree = "<group>"; };
		425E0C3E24D9346200BEEA93 /* gio_hybrid.html */ = {isa = PBXFileReference; fileEncoding = 4; lastKnownFileType = text.html; path = gio_hybrid.html; sourceTree = "<group>"; };
		425E0C3F24D9346200BEEA93 /* GIOButtonViewController.h */ = {isa = PBXFileReference; fileEncoding = 4; lastKnownFileType = sourcecode.c.h; path = GIOButtonViewController.h; sourceTree = "<group>"; };
		425E0C4024D9346200BEEA93 /* GIOActionSheetViewController.m */ = {isa = PBXFileReference; fileEncoding = 4; lastKnownFileType = sourcecode.c.objc; path = GIOActionSheetViewController.m; sourceTree = "<group>"; };
		425E0C4124D9346200BEEA93 /* GIOSimpleUIElemtsViewController.m */ = {isa = PBXFileReference; fileEncoding = 4; lastKnownFileType = sourcecode.c.objc; path = GIOSimpleUIElemtsViewController.m; sourceTree = "<group>"; };
		425E0C4224D9346200BEEA93 /* GIOHybridViewController.m */ = {isa = PBXFileReference; fileEncoding = 4; lastKnownFileType = sourcecode.c.objc; path = GIOHybridViewController.m; sourceTree = "<group>"; };
		425E0C4324D9346200BEEA93 /* GIOTextFieldViewController.h */ = {isa = PBXFileReference; fileEncoding = 4; lastKnownFileType = sourcecode.c.h; path = GIOTextFieldViewController.h; sourceTree = "<group>"; };
		425E0C4424D9346200BEEA93 /* GIOLabelAttributeViewController.h */ = {isa = PBXFileReference; fileEncoding = 4; lastKnownFileType = sourcecode.c.h; path = GIOLabelAttributeViewController.h; sourceTree = "<group>"; };
		425E0C4524D9346200BEEA93 /* GIOBannerAndTableViewController.m */ = {isa = PBXFileReference; fileEncoding = 4; lastKnownFileType = sourcecode.c.objc; path = GIOBannerAndTableViewController.m; sourceTree = "<group>"; };
		425E0C4624D9346200BEEA93 /* GIOUICategoryViewController.h */ = {isa = PBXFileReference; fileEncoding = 4; lastKnownFileType = sourcecode.c.h; path = GIOUICategoryViewController.h; sourceTree = "<group>"; };
		425E0C4824D9346200BEEA93 /* GIOPageStructureViewController.h */ = {isa = PBXFileReference; fileEncoding = 4; lastKnownFileType = sourcecode.c.h; path = GIOPageStructureViewController.h; sourceTree = "<group>"; };
		425E0C4924D9346200BEEA93 /* GIOMultiViewController.m */ = {isa = PBXFileReference; fileEncoding = 4; lastKnownFileType = sourcecode.c.objc; path = GIOMultiViewController.m; sourceTree = "<group>"; };
		425E0C4A24D9346200BEEA93 /* GIOPageStructureViewController.m */ = {isa = PBXFileReference; fileEncoding = 4; lastKnownFileType = sourcecode.c.objc; path = GIOPageStructureViewController.m; sourceTree = "<group>"; };
		425E0C4B24D9346200BEEA93 /* GIOMultiViewController.h */ = {isa = PBXFileReference; fileEncoding = 4; lastKnownFileType = sourcecode.c.h; path = GIOMultiViewController.h; sourceTree = "<group>"; };
		425E0C4C24D9346200BEEA93 /* GIOPageStructure.storyboard */ = {isa = PBXFileReference; fileEncoding = 4; lastKnownFileType = file.storyboard; path = GIOPageStructure.storyboard; sourceTree = "<group>"; };
		425E0C4E24D9346200BEEA93 /* GIOFoodTableViewCell.m */ = {isa = PBXFileReference; fileEncoding = 4; lastKnownFileType = sourcecode.c.objc; path = GIOFoodTableViewCell.m; sourceTree = "<group>"; };
		425E0C4F24D9346200BEEA93 /* GIOCollectionViewCell.m */ = {isa = PBXFileReference; fileEncoding = 4; lastKnownFileType = sourcecode.c.objc; path = GIOCollectionViewCell.m; sourceTree = "<group>"; };
		425E0C5024D9346200BEEA93 /* GIOCollectionViewCell.xib */ = {isa = PBXFileReference; fileEncoding = 4; lastKnownFileType = file.xib; path = GIOCollectionViewCell.xib; sourceTree = "<group>"; };
		425E0C5124D9346200BEEA93 /* GIOListTableViewCell.h */ = {isa = PBXFileReference; fileEncoding = 4; lastKnownFileType = sourcecode.c.h; path = GIOListTableViewCell.h; sourceTree = "<group>"; };
		425E0C5224D9346200BEEA93 /* GIOFoodTableViewCell.h */ = {isa = PBXFileReference; fileEncoding = 4; lastKnownFileType = sourcecode.c.h; path = GIOFoodTableViewCell.h; sourceTree = "<group>"; };
		425E0C5324D9346200BEEA93 /* GIOFoodTableViewCell.xib */ = {isa = PBXFileReference; fileEncoding = 4; lastKnownFileType = file.xib; path = GIOFoodTableViewCell.xib; sourceTree = "<group>"; };
		425E0C5424D9346200BEEA93 /* GIOCollectionViewCell.h */ = {isa = PBXFileReference; fileEncoding = 4; lastKnownFileType = sourcecode.c.h; path = GIOCollectionViewCell.h; sourceTree = "<group>"; };
		425E0C5524D9346200BEEA93 /* GIOListTableViewCell.m */ = {isa = PBXFileReference; fileEncoding = 4; lastKnownFileType = sourcecode.c.objc; path = GIOListTableViewCell.m; sourceTree = "<group>"; };
		425E0C5624D9346200BEEA93 /* GIOListTableViewCell.xib */ = {isa = PBXFileReference; fileEncoding = 4; lastKnownFileType = file.xib; path = GIOListTableViewCell.xib; sourceTree = "<group>"; };
		425E0C5724D9346200BEEA93 /* GIOCollectionViewController.h */ = {isa = PBXFileReference; fileEncoding = 4; lastKnownFileType = sourcecode.c.h; path = GIOCollectionViewController.h; sourceTree = "<group>"; };
		425E0C5824D9346200BEEA93 /* GIOButtonViewController.m */ = {isa = PBXFileReference; fileEncoding = 4; lastKnownFileType = sourcecode.c.objc; path = GIOButtonViewController.m; sourceTree = "<group>"; };
		425E0C5924D9346200BEEA93 /* GIOHybridViewController.h */ = {isa = PBXFileReference; fileEncoding = 4; lastKnownFileType = sourcecode.c.h; path = GIOHybridViewController.h; sourceTree = "<group>"; };
		425E0C5A24D9346200BEEA93 /* GIOSimpleUIElemtsViewController.h */ = {isa = PBXFileReference; fileEncoding = 4; lastKnownFileType = sourcecode.c.h; path = GIOSimpleUIElemtsViewController.h; sourceTree = "<group>"; };
		425E0C5B24D9346200BEEA93 /* GIOActionSheetViewController.h */ = {isa = PBXFileReference; fileEncoding = 4; lastKnownFileType = sourcecode.c.h; path = GIOActionSheetViewController.h; sourceTree = "<group>"; };
		425E0C7224D93B3000BEEA93 /* Base */ = {isa = PBXFileReference; lastKnownFileType = file.storyboard; name = Base; path = GrowingIO/Base.lproj/Main.storyboard; sourceTree = SOURCE_ROOT; };
		425E0C7424D93B3100BEEA93 /* Base */ = {isa = PBXFileReference; lastKnownFileType = file.storyboard; name = Base; path = GrowingIO/Base.lproj/LaunchScreen.storyboard; sourceTree = SOURCE_ROOT; };
		4962651E24DA665200032551 /* GrowingIO_ExampleTests.xctest */ = {isa = PBXFileReference; explicitFileType = wrapper.cfbundle; includeInIndex = 0; path = GrowingIO_ExampleTests.xctest; sourceTree = BUILT_PRODUCTS_DIR; };
		4962652824DA667900032551 /* Info.plist */ = {isa = PBXFileReference; fileEncoding = 4; lastKnownFileType = text.plist.xml; path = Info.plist; sourceTree = "<group>"; };
		4962652924DA667900032551 /* GrowingIO_ExampleTests.m */ = {isa = PBXFileReference; fileEncoding = 4; lastKnownFileType = sourcecode.c.objc; path = GrowingIO_ExampleTests.m; sourceTree = "<group>"; };
		4962652D24DA66B600032551 /* GrowingTestHelper.h */ = {isa = PBXFileReference; fileEncoding = 4; lastKnownFileType = sourcecode.c.h; path = GrowingTestHelper.h; sourceTree = "<group>"; };
		4962652E24DA66B600032551 /* LogOperHelper.m */ = {isa = PBXFileReference; fileEncoding = 4; lastKnownFileType = sourcecode.c.objc; path = LogOperHelper.m; sourceTree = "<group>"; };
		4962652F24DA66B600032551 /* MockEventQueue.h */ = {isa = PBXFileReference; fileEncoding = 4; lastKnownFileType = sourcecode.c.h; path = MockEventQueue.h; sourceTree = "<group>"; };
		4962653024DA66B600032551 /* NSURLSession+TestHook.h */ = {isa = PBXFileReference; fileEncoding = 4; lastKnownFileType = sourcecode.c.h; path = "NSURLSession+TestHook.h"; sourceTree = "<group>"; };
		4962653124DA66B600032551 /* NoburPoMeaProCheck.h */ = {isa = PBXFileReference; fileEncoding = 4; lastKnownFileType = sourcecode.c.h; path = NoburPoMeaProCheck.h; sourceTree = "<group>"; };
		4962653224DA66B600032551 /* ManualTrackHelper.m */ = {isa = PBXFileReference; fileEncoding = 4; lastKnownFileType = sourcecode.c.objc; path = ManualTrackHelper.m; sourceTree = "<group>"; };
		4962653324DA66B600032551 /* MockEventQueue.m */ = {isa = PBXFileReference; fileEncoding = 4; lastKnownFileType = sourcecode.c.objc; path = MockEventQueue.m; sourceTree = "<group>"; };
		4962653424DA66B600032551 /* LogOperHelper.h */ = {isa = PBXFileReference; fileEncoding = 4; lastKnownFileType = sourcecode.c.h; path = LogOperHelper.h; sourceTree = "<group>"; };
		4962653524DA66B600032551 /* GrowingTestHelper.m */ = {isa = PBXFileReference; fileEncoding = 4; lastKnownFileType = sourcecode.c.objc; path = GrowingTestHelper.m; sourceTree = "<group>"; };
		4962653624DA66B600032551 /* NoburPoMeaProCheck.m */ = {isa = PBXFileReference; fileEncoding = 4; lastKnownFileType = sourcecode.c.objc; path = NoburPoMeaProCheck.m; sourceTree = "<group>"; };
		4962653724DA66B600032551 /* NSURLSession+TestHook.m */ = {isa = PBXFileReference; fileEncoding = 4; lastKnownFileType = sourcecode.c.objc; path = "NSURLSession+TestHook.m"; sourceTree = "<group>"; };
		4962653824DA66B600032551 /* ManualTrackHelper.h */ = {isa = PBXFileReference; fileEncoding = 4; lastKnownFileType = sourcecode.c.h; path = ManualTrackHelper.h; sourceTree = "<group>"; };
		4962654024DA66BF00032551 /* DailyDataLimit.h */ = {isa = PBXFileReference; fileEncoding = 4; lastKnownFileType = sourcecode.c.h; path = DailyDataLimit.h; sourceTree = "<group>"; };
		4962654124DA66BF00032551 /* FlushIntervalAPITest.h */ = {isa = PBXFileReference; fileEncoding = 4; lastKnownFileType = sourcecode.c.h; path = FlushIntervalAPITest.h; sourceTree = "<group>"; };
		4962654224DA66BF00032551 /* TrackAPIMainThreadTest.m */ = {isa = PBXFileReference; fileEncoding = 4; lastKnownFileType = sourcecode.c.objc; path = TrackAPIMainThreadTest.m; sourceTree = "<group>"; };
		4962654324DA66BF00032551 /* MediatorTest.m */ = {isa = PBXFileReference; fileEncoding = 4; lastKnownFileType = sourcecode.c.objc; path = MediatorTest.m; sourceTree = "<group>"; };
		4962654424DA66BF00032551 /* TrackViewTest.h */ = {isa = PBXFileReference; fileEncoding = 4; lastKnownFileType = sourcecode.c.h; path = TrackViewTest.h; sourceTree = "<group>"; };
		4962654524DA66BF00032551 /* GetEnableLogTest.h */ = {isa = PBXFileReference; fileEncoding = 4; lastKnownFileType = sourcecode.c.h; path = GetEnableLogTest.h; sourceTree = "<group>"; };
		4962654624DA66BF00032551 /* GetIDsTest.m */ = {isa = PBXFileReference; fileEncoding = 4; lastKnownFileType = sourcecode.c.objc; path = GetIDsTest.m; sourceTree = "<group>"; };
		4962654724DA66BF00032551 /* GDPRTest.m */ = {isa = PBXFileReference; fileEncoding = 4; lastKnownFileType = sourcecode.c.objc; path = GDPRTest.m; sourceTree = "<group>"; };
		4962654824DA66BF00032551 /* TrackViewTest.m */ = {isa = PBXFileReference; fileEncoding = 4; lastKnownFileType = sourcecode.c.objc; path = TrackViewTest.m; sourceTree = "<group>"; };
		4962654924DA66BF00032551 /* FlushIntervalAPITest.m */ = {isa = PBXFileReference; fileEncoding = 4; lastKnownFileType = sourcecode.c.objc; path = FlushIntervalAPITest.m; sourceTree = "<group>"; };
		4962654A24DA66BF00032551 /* DailyDataLimit.m */ = {isa = PBXFileReference; fileEncoding = 4; lastKnownFileType = sourcecode.c.objc; path = DailyDataLimit.m; sourceTree = "<group>"; };
		4962654B24DA66BF00032551 /* GetIDsTest.h */ = {isa = PBXFileReference; fileEncoding = 4; lastKnownFileType = sourcecode.c.h; path = GetIDsTest.h; sourceTree = "<group>"; };
		4962654C24DA66BF00032551 /* GetEnableLogTest.m */ = {isa = PBXFileReference; fileEncoding = 4; lastKnownFileType = sourcecode.c.objc; path = GetEnableLogTest.m; sourceTree = "<group>"; };
		4962654D24DA66BF00032551 /* GDPRTest.h */ = {isa = PBXFileReference; fileEncoding = 4; lastKnownFileType = sourcecode.c.h; path = GDPRTest.h; sourceTree = "<group>"; };
		4962654E24DA66BF00032551 /* GetConfigurationTest.m */ = {isa = PBXFileReference; fileEncoding = 4; lastKnownFileType = sourcecode.c.objc; path = GetConfigurationTest.m; sourceTree = "<group>"; };
		4962655024DA66BF00032551 /* CS1ManualTrackTest.h */ = {isa = PBXFileReference; fileEncoding = 4; lastKnownFileType = sourcecode.c.h; path = CS1ManualTrackTest.h; sourceTree = "<group>"; };
		4962655124DA66BF00032551 /* CstmEventsTest.h */ = {isa = PBXFileReference; fileEncoding = 4; lastKnownFileType = sourcecode.c.h; path = CstmEventsTest.h; sourceTree = "<group>"; };
		4962655224DA66BF00032551 /* EvarEventsTest.m */ = {isa = PBXFileReference; fileEncoding = 4; lastKnownFileType = sourcecode.c.objc; path = EvarEventsTest.m; sourceTree = "<group>"; };
		4962655324DA66BF00032551 /* AppVarEventsTest.h */ = {isa = PBXFileReference; fileEncoding = 4; lastKnownFileType = sourcecode.c.h; path = AppVarEventsTest.h; sourceTree = "<group>"; };
		4962655424DA66BF00032551 /* VstrEventsTest.m */ = {isa = PBXFileReference; fileEncoding = 4; lastKnownFileType = sourcecode.c.objc; path = VstrEventsTest.m; sourceTree = "<group>"; };
		4962655524DA66BF00032551 /* PPLEventsTest.h */ = {isa = PBXFileReference; fileEncoding = 4; lastKnownFileType = sourcecode.c.h; path = PPLEventsTest.h; sourceTree = "<group>"; };
		4962655624DA66BF00032551 /* PvarEventsTest.h */ = {isa = PBXFileReference; fileEncoding = 4; lastKnownFileType = sourcecode.c.h; path = PvarEventsTest.h; sourceTree = "<group>"; };
		4962655724DA66BF00032551 /* CstmEventsTest.m */ = {isa = PBXFileReference; fileEncoding = 4; lastKnownFileType = sourcecode.c.objc; path = CstmEventsTest.m; sourceTree = "<group>"; };
		4962655824DA66BF00032551 /* CS1ManualTrackTest.m */ = {isa = PBXFileReference; fileEncoding = 4; lastKnownFileType = sourcecode.c.objc; path = CS1ManualTrackTest.m; sourceTree = "<group>"; };
		4962655924DA66BF00032551 /* EvarEventsTest.h */ = {isa = PBXFileReference; fileEncoding = 4; lastKnownFileType = sourcecode.c.h; path = EvarEventsTest.h; sourceTree = "<group>"; };
		4962655A24DA66BF00032551 /* PPLEventsTest.m */ = {isa = PBXFileReference; fileEncoding = 4; lastKnownFileType = sourcecode.c.objc; path = PPLEventsTest.m; sourceTree = "<group>"; };
		4962655B24DA66BF00032551 /* VstrEventsTest.h */ = {isa = PBXFileReference; fileEncoding = 4; lastKnownFileType = sourcecode.c.h; path = VstrEventsTest.h; sourceTree = "<group>"; };
		4962655C24DA66BF00032551 /* AppVarEventsTest.m */ = {isa = PBXFileReference; fileEncoding = 4; lastKnownFileType = sourcecode.c.objc; path = AppVarEventsTest.m; sourceTree = "<group>"; };
		4962655D24DA66BF00032551 /* PvarEventsTest.m */ = {isa = PBXFileReference; fileEncoding = 4; lastKnownFileType = sourcecode.c.objc; path = PvarEventsTest.m; sourceTree = "<group>"; };
		4962655F24DA66BF00032551 /* VstEventsTest.m */ = {isa = PBXFileReference; fileEncoding = 4; lastKnownFileType = sourcecode.c.objc; path = VstEventsTest.m; sourceTree = "<group>"; };
		4962656024DA66BF00032551 /* ClckEventsTest.m */ = {isa = PBXFileReference; fileEncoding = 4; lastKnownFileType = sourcecode.c.objc; path = ClckEventsTest.m; sourceTree = "<group>"; };
		4962656124DA66BF00032551 /* ChgEventsTest.h */ = {isa = PBXFileReference; fileEncoding = 4; lastKnownFileType = sourcecode.c.h; path = ChgEventsTest.h; sourceTree = "<group>"; };
		4962656224DA66BF00032551 /* ClckEventsTest.h */ = {isa = PBXFileReference; fileEncoding = 4; lastKnownFileType = sourcecode.c.h; path = ClckEventsTest.h; sourceTree = "<group>"; };
		4962656324DA66BF00032551 /* pageEventsTest.m */ = {isa = PBXFileReference; fileEncoding = 4; lastKnownFileType = sourcecode.c.objc; path = pageEventsTest.m; sourceTree = "<group>"; };
		4962656424DA66BF00032551 /* VstEventsTest.h */ = {isa = PBXFileReference; fileEncoding = 4; lastKnownFileType = sourcecode.c.h; path = VstEventsTest.h; sourceTree = "<group>"; };
		4962656524DA66BF00032551 /* ChgEventsTest.m */ = {isa = PBXFileReference; fileEncoding = 4; lastKnownFileType = sourcecode.c.objc; path = ChgEventsTest.m; sourceTree = "<group>"; };
		4C0434E2008C053A776D1B69 /* Pods_GrowingIO_ExampleTests.framework */ = {isa = PBXFileReference; explicitFileType = wrapper.framework; includeInIndex = 0; path = Pods_GrowingIO_ExampleTests.framework; sourceTree = BUILT_PRODUCTS_DIR; };
		6003F58A195388D20070C39A /* GrowingIO_Example.app */ = {isa = PBXFileReference; explicitFileType = wrapper.application; includeInIndex = 0; path = GrowingIO_Example.app; sourceTree = BUILT_PRODUCTS_DIR; };
		6003F58D195388D20070C39A /* Foundation.framework */ = {isa = PBXFileReference; lastKnownFileType = wrapper.framework; name = Foundation.framework; path = System/Library/Frameworks/Foundation.framework; sourceTree = SDKROOT; };
		6003F58F195388D20070C39A /* CoreGraphics.framework */ = {isa = PBXFileReference; lastKnownFileType = wrapper.framework; name = CoreGraphics.framework; path = System/Library/Frameworks/CoreGraphics.framework; sourceTree = SDKROOT; };
		6003F591195388D20070C39A /* UIKit.framework */ = {isa = PBXFileReference; lastKnownFileType = wrapper.framework; name = UIKit.framework; path = System/Library/Frameworks/UIKit.framework; sourceTree = SDKROOT; };
		6003F595195388D20070C39A /* GrowingIO-Info.plist */ = {isa = PBXFileReference; lastKnownFileType = text.plist.xml; path = "GrowingIO-Info.plist"; sourceTree = "<group>"; };
		6003F597195388D20070C39A /* en */ = {isa = PBXFileReference; lastKnownFileType = text.plist.strings; name = en; path = en.lproj/InfoPlist.strings; sourceTree = "<group>"; };
		6003F599195388D20070C39A /* main.m */ = {isa = PBXFileReference; lastKnownFileType = sourcecode.c.objc; path = main.m; sourceTree = "<group>"; };
		6003F59B195388D20070C39A /* GrowingIO-Prefix.pch */ = {isa = PBXFileReference; lastKnownFileType = sourcecode.c.h; path = "GrowingIO-Prefix.pch"; sourceTree = "<group>"; };
		6003F5AF195388D20070C39A /* XCTest.framework */ = {isa = PBXFileReference; lastKnownFileType = wrapper.framework; name = XCTest.framework; path = Library/Frameworks/XCTest.framework; sourceTree = DEVELOPER_DIR; };
		6BF3EAD3D3A5ED365819D758 /* Pods-GrowingIO_Example.debug.xcconfig */ = {isa = PBXFileReference; includeInIndex = 1; lastKnownFileType = text.xcconfig; name = "Pods-GrowingIO_Example.debug.xcconfig"; path = "Target Support Files/Pods-GrowingIO_Example/Pods-GrowingIO_Example.debug.xcconfig"; sourceTree = "<group>"; };
		7960B1F6F6B981911C36D5E6 /* Pods-GrowingIO_ExampleTests.debug.xcconfig */ = {isa = PBXFileReference; includeInIndex = 1; lastKnownFileType = text.xcconfig; name = "Pods-GrowingIO_ExampleTests.debug.xcconfig"; path = "Target Support Files/Pods-GrowingIO_ExampleTests/Pods-GrowingIO_ExampleTests.debug.xcconfig"; sourceTree = "<group>"; };
		7F0F6BA089703227980ABCA2 /* Pods-GrowingIO_ExampleTests.release.xcconfig */ = {isa = PBXFileReference; includeInIndex = 1; lastKnownFileType = text.xcconfig; name = "Pods-GrowingIO_ExampleTests.release.xcconfig"; path = "Target Support Files/Pods-GrowingIO_ExampleTests/Pods-GrowingIO_ExampleTests.release.xcconfig"; sourceTree = "<group>"; };
		812FD9EA827A3C38792185E5 /* README.md */ = {isa = PBXFileReference; includeInIndex = 1; lastKnownFileType = net.daringfireball.markdown; name = README.md; path = ../README.md; sourceTree = "<group>"; };
		8469CDEB71F01440C245A977 /* Pods-GrowingIO_Tests.debug.xcconfig */ = {isa = PBXFileReference; includeInIndex = 1; lastKnownFileType = text.xcconfig; name = "Pods-GrowingIO_Tests.debug.xcconfig"; path = "Target Support Files/Pods-GrowingIO_Tests/Pods-GrowingIO_Tests.debug.xcconfig"; sourceTree = "<group>"; };
		846BD2A13C449846E098218A /* Pods_GrowingIO_ExampleUITests.framework */ = {isa = PBXFileReference; explicitFileType = wrapper.framework; includeInIndex = 0; path = Pods_GrowingIO_ExampleUITests.framework; sourceTree = BUILT_PRODUCTS_DIR; };
		8B46EAE6708E6255205DEF94 /* GrowingIO.podspec */ = {isa = PBXFileReference; includeInIndex = 1; lastKnownFileType = text; name = GrowingIO.podspec; path = ../GrowingIO.podspec; sourceTree = "<group>"; };
		9994609423F44E2423C346ED /* Pods-GrowingIO_ExampleUITests.release.xcconfig */ = {isa = PBXFileReference; includeInIndex = 1; lastKnownFileType = text.xcconfig; name = "Pods-GrowingIO_ExampleUITests.release.xcconfig"; path = "Target Support Files/Pods-GrowingIO_ExampleUITests/Pods-GrowingIO_ExampleUITests.release.xcconfig"; sourceTree = "<group>"; };
		9A2DCFDF4BCC9456D44C2F19 /* Pods-GrowingIO_ExampleUITests.debug.xcconfig */ = {isa = PBXFileReference; includeInIndex = 1; lastKnownFileType = text.xcconfig; name = "Pods-GrowingIO_ExampleUITests.debug.xcconfig"; path = "Target Support Files/Pods-GrowingIO_ExampleUITests/Pods-GrowingIO_ExampleUITests.debug.xcconfig"; sourceTree = "<group>"; };
		A4E5C55D6D8A5A241ABCCCB3 /* Pods_GrowingIO_Example.framework */ = {isa = PBXFileReference; explicitFileType = wrapper.framework; includeInIndex = 0; path = Pods_GrowingIO_Example.framework; sourceTree = BUILT_PRODUCTS_DIR; };
		C47FDA808DE0E2525D606D30 /* Pods_GrowingIO_Tests.framework */ = {isa = PBXFileReference; explicitFileType = wrapper.framework; includeInIndex = 0; path = Pods_GrowingIO_Tests.framework; sourceTree = BUILT_PRODUCTS_DIR; };
		ECF46BA10071097C2CEC3A0B /* Pods-GrowingIO_Tests.release.xcconfig */ = {isa = PBXFileReference; includeInIndex = 1; lastKnownFileType = text.xcconfig; name = "Pods-GrowingIO_Tests.release.xcconfig"; path = "Target Support Files/Pods-GrowingIO_Tests/Pods-GrowingIO_Tests.release.xcconfig"; sourceTree = "<group>"; };
/* End PBXFileReference section */

/* Begin PBXFrameworksBuildPhase section */
		4962651B24DA665200032551 /* Frameworks */ = {
			isa = PBXFrameworksBuildPhase;
			buildActionMask = 2147483647;
			files = (
				B6A93A6A1CB7D1C840EF7892 /* Pods_GrowingIO_ExampleTests.framework in Frameworks */,
			);
			runOnlyForDeploymentPostprocessing = 0;
		};
		6003F587195388D20070C39A /* Frameworks */ = {
			isa = PBXFrameworksBuildPhase;
			buildActionMask = 2147483647;
			files = (
				6003F590195388D20070C39A /* CoreGraphics.framework in Frameworks */,
				6003F592195388D20070C39A /* UIKit.framework in Frameworks */,
				6003F58E195388D20070C39A /* Foundation.framework in Frameworks */,
				200458CB7FD1075616C7D652 /* Pods_GrowingIO_Example.framework in Frameworks */,
			);
			runOnlyForDeploymentPostprocessing = 0;
		};
/* End PBXFrameworksBuildPhase section */

/* Begin PBXGroup section */
		425E0BD024D9345300BEEA93 /* ImageSources */ = {
			isa = PBXGroup;
			children = (
				425E0BD224D9345300BEEA93 /* agree.ico */,
				425E0BD724D9345300BEEA93 /* API.ico */,
				425E0BDF24D9345300BEEA93 /* cycle_01.jpg */,
				425E0BE024D9345300BEEA93 /* cycle_02.jpg */,
				425E0BE124D9345300BEEA93 /* cycle_03.jpg */,
				425E0BDD24D9345300BEEA93 /* cycle_04.jpg */,
				425E0BDE24D9345300BEEA93 /* cycle_05.jpg */,
				425E0BDC24D9345300BEEA93 /* cycle_06.jpg */,
				425E0BDB24D9345300BEEA93 /* cycle_07.jpg */,
				425E0BD324D9345300BEEA93 /* cycle_08.jpg */,
				425E0BD824D9345300BEEA93 /* fire.ico */,
				425E0BDA24D9345300BEEA93 /* greenWave.png */,
				425E0BD124D9345300BEEA93 /* merge.ico */,
				425E0BD424D9345300BEEA93 /* recomand_01.jpg */,
				425E0BD624D9345300BEEA93 /* recomand_02.jpg */,
				425E0BD524D9345300BEEA93 /* recomand_03.jpg */,
				425E0BD924D9345300BEEA93 /* uipage.png */,
			);
			path = ImageSources;
			sourceTree = "<group>";
		};
		425E0BE324D9345300BEEA93 /* APITests */ = {
			isa = PBXGroup;
			children = (
				425E0BE524D9345300BEEA93 /* GIOAttributesTrackViewController.h */,
				425E0BEC24D9345300BEEA93 /* GIOAttributesTrackViewController.m */,
				425E0BEA24D9345300BEEA93 /* GIOClickEventViewController.h */,
				425E0BF324D9345300BEEA93 /* GIOClickEventViewController.m */,
				425E0BE824D9345300BEEA93 /* GIOCstmEventViewController.h */,
				425E0BF524D9345300BEEA93 /* GIOCstmEventViewController.m */,
				425E0BE424D9345300BEEA93 /* GIOInputChangeEventViewController.h */,
				425E0BED24D9345300BEEA93 /* GIOInputChangeEventViewController.m */,
				425E0BF724D9345300BEEA93 /* GIOUserIdViewController.h */,
				425E0BE624D9345300BEEA93 /* GIOUserIdViewController.m */,
				425E0BE724D9345300BEEA93 /* GIOVisitEventViewController.h */,
				425E0BF624D9345300BEEA93 /* GIOVisitEventViewController.m */,
				425E0BE924D9345300BEEA93 /* MeasurementProtocolTableViewController.h */,
				425E0BF424D9345300BEEA93 /* MeasurementProtocolTableViewController.m */,
				425E0BF824D9345300BEEA93 /* PageEvent */,
				425E0BEB24D9345300BEEA93 /* PVarEventViewController.h */,
				425E0BF224D9345300BEEA93 /* PVarEventViewController.m */,
				425E0BEE24D9345300BEEA93 /* View */,
			);
			path = APITests;
			sourceTree = "<group>";
		};
		425E0BEE24D9345300BEEA93 /* View */ = {
			isa = PBXGroup;
			children = (
				425E0BEF24D9345300BEEA93 /* GrowingKeyValueCell.m */,
				425E0BF024D9345300BEEA93 /* GrowingKeyValueCell.xib */,
				425E0BF124D9345300BEEA93 /* GrowingKeyValueCell.h */,
			);
			path = View;
			sourceTree = "<group>";
		};
		425E0BF824D9345300BEEA93 /* PageEvent */ = {
			isa = PBXGroup;
			children = (
				425E0BFD24D9345300BEEA93 /* ContainerViewController.h */,
				425E0BF924D9345300BEEA93 /* ContainerViewController.m */,
				425E0BFA24D9345300BEEA93 /* FirstViewController.h */,
				425E0BFE24D9345300BEEA93 /* FirstViewController.m */,
				425E0C0024D9345300BEEA93 /* GIOPageEventViewController.h */,
				425E0BFC24D9345300BEEA93 /* GIOPageEventViewController.m */,
				425E0BFB24D9345300BEEA93 /* SecondViewController.h */,
				425E0BFF24D9345300BEEA93 /* SecondViewController.m */,
			);
			path = PageEvent;
			sourceTree = "<group>";
		};
		425E0C0524D9345400BEEA93 /* GrowingUtil */ = {
			isa = PBXGroup;
			children = (
				425E0C0724D9345400BEEA93 /* GIOConstants.h */,
				425E0C0A24D9345400BEEA93 /* GIOConstants.m */,
				425E0C0924D9345400BEEA93 /* GIODataProcessOperation.h */,
				425E0C0624D9345400BEEA93 /* GIODataProcessOperation.m */,
				425E0C0B24D9345400BEEA93 /* MBProgressHUD+GrowingHelper.h */,
				425E0C0824D9345400BEEA93 /* MBProgressHUD+GrowingHelper.m */,
			);
			path = GrowingUtil;
			sourceTree = "<group>";
		};
		425E0C0C24D9345400BEEA93 /* Base.lproj */ = {
			isa = PBXGroup;
			children = (
				425E0C7324D93B3000BEEA93 /* LaunchScreen.storyboard */,
				425E0C7124D93B3000BEEA93 /* Main.storyboard */,
			);
			name = Base.lproj;
			path = "../../../../../../GIO/growingio-ios/Growing/Demo/Demo/Base.lproj";
			sourceTree = "<group>";
		};
		425E0C3824D9346200BEEA93 /* UICategoryTests */ = {
			isa = PBXGroup;
			children = (
				425E0C3E24D9346200BEEA93 /* gio_hybrid.html */,
				425E0C5B24D9346200BEEA93 /* GIOActionSheetViewController.h */,
				425E0C4024D9346200BEEA93 /* GIOActionSheetViewController.m */,
				425E0C3D24D9346200BEEA93 /* GIOBannerAndTableViewController.h */,
				425E0C4524D9346200BEEA93 /* GIOBannerAndTableViewController.m */,
				425E0C3F24D9346200BEEA93 /* GIOButtonViewController.h */,
				425E0C5824D9346200BEEA93 /* GIOButtonViewController.m */,
				425E0C5724D9346200BEEA93 /* GIOCollectionViewController.h */,
				425E0C3B24D9346200BEEA93 /* GIOCollectionViewController.m */,
				425E0C5924D9346200BEEA93 /* GIOHybridViewController.h */,
				425E0C4224D9346200BEEA93 /* GIOHybridViewController.m */,
				425E0C4424D9346200BEEA93 /* GIOLabelAttributeViewController.h */,
				425E0C3924D9346200BEEA93 /* GIOLabelAttributeViewController.m */,
				425E0C5A24D9346200BEEA93 /* GIOSimpleUIElemtsViewController.h */,
				425E0C4124D9346200BEEA93 /* GIOSimpleUIElemtsViewController.m */,
				425E0C4324D9346200BEEA93 /* GIOTextFieldViewController.h */,
				425E0C3A24D9346200BEEA93 /* GIOTextFieldViewController.m */,
				425E0C4624D9346200BEEA93 /* GIOUICategoryViewController.h */,
				425E0C3C24D9346200BEEA93 /* GIOUICategoryViewController.m */,
				425E0C4724D9346200BEEA93 /* PageStructure */,
				425E0C4D24D9346200BEEA93 /* View */,
			);
			path = UICategoryTests;
			sourceTree = "<group>";
		};
		425E0C4724D9346200BEEA93 /* PageStructure */ = {
			isa = PBXGroup;
			children = (
				425E0C4B24D9346200BEEA93 /* GIOMultiViewController.h */,
				425E0C4924D9346200BEEA93 /* GIOMultiViewController.m */,
				425E0C4C24D9346200BEEA93 /* GIOPageStructure.storyboard */,
				425E0C4824D9346200BEEA93 /* GIOPageStructureViewController.h */,
				425E0C4A24D9346200BEEA93 /* GIOPageStructureViewController.m */,
			);
			path = PageStructure;
			sourceTree = "<group>";
		};
		425E0C4D24D9346200BEEA93 /* View */ = {
			isa = PBXGroup;
			children = (
				425E0C5424D9346200BEEA93 /* GIOCollectionViewCell.h */,
				425E0C4F24D9346200BEEA93 /* GIOCollectionViewCell.m */,
				425E0C5024D9346200BEEA93 /* GIOCollectionViewCell.xib */,
				425E0C5224D9346200BEEA93 /* GIOFoodTableViewCell.h */,
				425E0C4E24D9346200BEEA93 /* GIOFoodTableViewCell.m */,
				425E0C5324D9346200BEEA93 /* GIOFoodTableViewCell.xib */,
				425E0C5124D9346200BEEA93 /* GIOListTableViewCell.h */,
				425E0C5524D9346200BEEA93 /* GIOListTableViewCell.m */,
				425E0C5624D9346200BEEA93 /* GIOListTableViewCell.xib */,
			);
			path = View;
			sourceTree = "<group>";
		};
		4962651F24DA665200032551 /* GrowingIO_ExampleTests */ = {
			isa = PBXGroup;
			children = (
				4962652924DA667900032551 /* GrowingIO_ExampleTests.m */,
				4962654F24DA66BF00032551 /* ManualTrackTest */,
				4962655E24DA66BF00032551 /* protocol test and api test */,
				4962653F24DA66BF00032551 /* SDK Method Test */,
				4962652C24DA66B600032551 /* Helper */,
				4962652824DA667900032551 /* Info.plist */,
			);
			path = GrowingIO_ExampleTests;
			sourceTree = "<group>";
		};
		4962652C24DA66B600032551 /* Helper */ = {
			isa = PBXGroup;
			children = (
				4962653024DA66B600032551 /* NSURLSession+TestHook.h */,
				4962653724DA66B600032551 /* NSURLSession+TestHook.m */,
				4962652F24DA66B600032551 /* MockEventQueue.h */,
				4962653324DA66B600032551 /* MockEventQueue.m */,
				4962653424DA66B600032551 /* LogOperHelper.h */,
				4962652E24DA66B600032551 /* LogOperHelper.m */,
				4962652D24DA66B600032551 /* GrowingTestHelper.h */,
				4962653524DA66B600032551 /* GrowingTestHelper.m */,
				4962653124DA66B600032551 /* NoburPoMeaProCheck.h */,
				4962653624DA66B600032551 /* NoburPoMeaProCheck.m */,
				4962653824DA66B600032551 /* ManualTrackHelper.h */,
				4962653224DA66B600032551 /* ManualTrackHelper.m */,
			);
			path = Helper;
			sourceTree = "<group>";
		};
		4962653F24DA66BF00032551 /* SDK Method Test */ = {
			isa = PBXGroup;
			children = (
				4962654124DA66BF00032551 /* FlushIntervalAPITest.h */,
				4962654924DA66BF00032551 /* FlushIntervalAPITest.m */,
				4962654324DA66BF00032551 /* MediatorTest.m */,
				4962654424DA66BF00032551 /* TrackViewTest.h */,
				4962654824DA66BF00032551 /* TrackViewTest.m */,
				4962654B24DA66BF00032551 /* GetIDsTest.h */,
				4962654624DA66BF00032551 /* GetIDsTest.m */,
				4962654024DA66BF00032551 /* DailyDataLimit.h */,
				4962654A24DA66BF00032551 /* DailyDataLimit.m */,
				4962654524DA66BF00032551 /* GetEnableLogTest.h */,
				4962654C24DA66BF00032551 /* GetEnableLogTest.m */,
				4962654D24DA66BF00032551 /* GDPRTest.h */,
				4962654724DA66BF00032551 /* GDPRTest.m */,
				4962654224DA66BF00032551 /* TrackAPIMainThreadTest.m */,
				4962654E24DA66BF00032551 /* GetConfigurationTest.m */,
			);
			path = "SDK Method Test";
			sourceTree = "<group>";
		};
		4962654F24DA66BF00032551 /* ManualTrackTest */ = {
			isa = PBXGroup;
			children = (
				4962655024DA66BF00032551 /* CS1ManualTrackTest.h */,
				4962655824DA66BF00032551 /* CS1ManualTrackTest.m */,
				4962655924DA66BF00032551 /* EvarEventsTest.h */,
				4962655224DA66BF00032551 /* EvarEventsTest.m */,
				4962655524DA66BF00032551 /* PPLEventsTest.h */,
				4962655A24DA66BF00032551 /* PPLEventsTest.m */,
				4962655624DA66BF00032551 /* PvarEventsTest.h */,
				4962655D24DA66BF00032551 /* PvarEventsTest.m */,
				4962655124DA66BF00032551 /* CstmEventsTest.h */,
				4962655724DA66BF00032551 /* CstmEventsTest.m */,
				4962655B24DA66BF00032551 /* VstrEventsTest.h */,
				4962655424DA66BF00032551 /* VstrEventsTest.m */,
				4962655324DA66BF00032551 /* AppVarEventsTest.h */,
				4962655C24DA66BF00032551 /* AppVarEventsTest.m */,
			);
			path = ManualTrackTest;
			sourceTree = "<group>";
		};
		4962655E24DA66BF00032551 /* protocol test and api test */ = {
			isa = PBXGroup;
			children = (
				4962656124DA66BF00032551 /* ChgEventsTest.h */,
				4962656524DA66BF00032551 /* ChgEventsTest.m */,
				4962656224DA66BF00032551 /* ClckEventsTest.h */,
				4962656024DA66BF00032551 /* ClckEventsTest.m */,
				4962656324DA66BF00032551 /* pageEventsTest.m */,
				4962656424DA66BF00032551 /* VstEventsTest.h */,
				4962655F24DA66BF00032551 /* VstEventsTest.m */,
			);
			path = "protocol test and api test";
			sourceTree = "<group>";
		};
		6003F581195388D10070C39A = {
			isa = PBXGroup;
			children = (
				60FF7A9C1954A5C5007DD14C /* Podspec Metadata */,
				6003F593195388D20070C39A /* Example for GrowingIO */,
				4962651F24DA665200032551 /* GrowingIO_ExampleTests */,
				6003F58C195388D20070C39A /* Frameworks */,
				6003F58B195388D20070C39A /* Products */,
				8D165A0B3E74C46645524A2A /* Pods */,
			);
			sourceTree = "<group>";
		};
		6003F58B195388D20070C39A /* Products */ = {
			isa = PBXGroup;
			children = (
				6003F58A195388D20070C39A /* GrowingIO_Example.app */,
				4962651E24DA665200032551 /* GrowingIO_ExampleTests.xctest */,
			);
			name = Products;
			sourceTree = "<group>";
		};
		6003F58C195388D20070C39A /* Frameworks */ = {
			isa = PBXGroup;
			children = (
				6003F58D195388D20070C39A /* Foundation.framework */,
				6003F58F195388D20070C39A /* CoreGraphics.framework */,
				6003F591195388D20070C39A /* UIKit.framework */,
				6003F5AF195388D20070C39A /* XCTest.framework */,
				A4E5C55D6D8A5A241ABCCCB3 /* Pods_GrowingIO_Example.framework */,
				C47FDA808DE0E2525D606D30 /* Pods_GrowingIO_Tests.framework */,
				846BD2A13C449846E098218A /* Pods_GrowingIO_ExampleUITests.framework */,
				4C0434E2008C053A776D1B69 /* Pods_GrowingIO_ExampleTests.framework */,
			);
			name = Frameworks;
			sourceTree = "<group>";
		};
		6003F593195388D20070C39A /* Example for GrowingIO */ = {
			isa = PBXGroup;
			children = (
				425E0C3824D9346200BEEA93 /* UICategoryTests */,
				425E0C0324D9345400BEEA93 /* AliyunEmasServices-Info.plist */,
				425E0BE324D9345300BEEA93 /* APITests */,
				425E0C0224D9345400BEEA93 /* AppDelegate.h */,
				425E0C0424D9345400BEEA93 /* AppDelegate.m */,
				425E0BE224D9345300BEEA93 /* Assets.xcassets */,
				425E0C0C24D9345400BEEA93 /* Base.lproj */,
				425E0C0124D9345400BEEA93 /* GrowingIO.entitlements */,
				425E0C0524D9345400BEEA93 /* GrowingUtil */,
				425E0BD024D9345300BEEA93 /* ImageSources */,
				6003F594195388D20070C39A /* Supporting Files */,
			);
			name = "Example for GrowingIO";
			path = GrowingIO;
			sourceTree = "<group>";
		};
		6003F594195388D20070C39A /* Supporting Files */ = {
			isa = PBXGroup;
			children = (
				6003F595195388D20070C39A /* GrowingIO-Info.plist */,
				6003F59B195388D20070C39A /* GrowingIO-Prefix.pch */,
				6003F596195388D20070C39A /* InfoPlist.strings */,
				6003F599195388D20070C39A /* main.m */,
			);
			name = "Supporting Files";
			sourceTree = "<group>";
		};
		60FF7A9C1954A5C5007DD14C /* Podspec Metadata */ = {
			isa = PBXGroup;
			children = (
				8B46EAE6708E6255205DEF94 /* GrowingIO.podspec */,
				812FD9EA827A3C38792185E5 /* README.md */,
				144F4070141B6710E7689DE2 /* LICENSE */,
			);
			name = "Podspec Metadata";
			sourceTree = "<group>";
		};
		8D165A0B3E74C46645524A2A /* Pods */ = {
			isa = PBXGroup;
			children = (
				6BF3EAD3D3A5ED365819D758 /* Pods-GrowingIO_Example.debug.xcconfig */,
				41F669315FBE7326225A12C7 /* Pods-GrowingIO_Example.release.xcconfig */,
				8469CDEB71F01440C245A977 /* Pods-GrowingIO_Tests.debug.xcconfig */,
				ECF46BA10071097C2CEC3A0B /* Pods-GrowingIO_Tests.release.xcconfig */,
				9A2DCFDF4BCC9456D44C2F19 /* Pods-GrowingIO_ExampleUITests.debug.xcconfig */,
				9994609423F44E2423C346ED /* Pods-GrowingIO_ExampleUITests.release.xcconfig */,
				7960B1F6F6B981911C36D5E6 /* Pods-GrowingIO_ExampleTests.debug.xcconfig */,
				7F0F6BA089703227980ABCA2 /* Pods-GrowingIO_ExampleTests.release.xcconfig */,
			);
			path = Pods;
			sourceTree = "<group>";
		};
/* End PBXGroup section */

/* Begin PBXNativeTarget section */
		4962651D24DA665200032551 /* GrowingIO_ExampleTests */ = {
			isa = PBXNativeTarget;
			buildConfigurationList = 4962652724DA665200032551 /* Build configuration list for PBXNativeTarget "GrowingIO_ExampleTests" */;
			buildPhases = (
				D82F3128F826E62B39F8A14D /* [CP] Check Pods Manifest.lock */,
				4962651A24DA665200032551 /* Sources */,
				4962651B24DA665200032551 /* Frameworks */,
				4962651C24DA665200032551 /* Resources */,
				8F8F7BBB9A89FC6F783C21C1 /* [CP] Embed Pods Frameworks */,
			);
			buildRules = (
			);
			dependencies = (
				4962652424DA665200032551 /* PBXTargetDependency */,
			);
			name = GrowingIO_ExampleTests;
			productName = GrowingIO_ExampleTests;
			productReference = 4962651E24DA665200032551 /* GrowingIO_ExampleTests.xctest */;
			productType = "com.apple.product-type.bundle.unit-test";
		};
		6003F589195388D20070C39A /* GrowingIO_Example */ = {
			isa = PBXNativeTarget;
			buildConfigurationList = 6003F5BF195388D20070C39A /* Build configuration list for PBXNativeTarget "GrowingIO_Example" */;
			buildPhases = (
				E7892524FBD4CD27DBE03E48 /* [CP] Check Pods Manifest.lock */,
				6003F586195388D20070C39A /* Sources */,
				6003F587195388D20070C39A /* Frameworks */,
				6003F588195388D20070C39A /* Resources */,
				425E091A24D90EAB00BEEA93 /* Embed Frameworks */,
				EF3A103F84A1F6350C89B689 /* [CP] Embed Pods Frameworks */,
			);
			buildRules = (
			);
			dependencies = (
			);
			name = GrowingIO_Example;
			productName = GrowingIO;
			productReference = 6003F58A195388D20070C39A /* GrowingIO_Example.app */;
			productType = "com.apple.product-type.application";
		};
/* End PBXNativeTarget section */

/* Begin PBXProject section */
		6003F582195388D10070C39A /* Project object */ = {
			isa = PBXProject;
			attributes = {
				CLASSPREFIX = GIO;
				LastUpgradeCheck = 0720;
				ORGANIZATIONNAME = "3255289628@qq.com";
				TargetAttributes = {
					4962651D24DA665200032551 = {
						CreatedOnToolsVersion = 11.5;
						DevelopmentTeam = SXBU677CPT;
						ProvisioningStyle = Automatic;
						TestTargetID = 6003F589195388D20070C39A;
					};
				};
			};
			buildConfigurationList = 6003F585195388D10070C39A /* Build configuration list for PBXProject "GrowingIO" */;
			compatibilityVersion = "Xcode 3.2";
			developmentRegion = English;
			hasScannedForEncodings = 0;
			knownRegions = (
				English,
				en,
				Base,
			);
			mainGroup = 6003F581195388D10070C39A;
			productRefGroup = 6003F58B195388D20070C39A /* Products */;
			projectDirPath = "";
			projectRoot = "";
			targets = (
				6003F589195388D20070C39A /* GrowingIO_Example */,
				4962651D24DA665200032551 /* GrowingIO_ExampleTests */,
			);
		};
/* End PBXProject section */

/* Begin PBXResourcesBuildPhase section */
		4962651C24DA665200032551 /* Resources */ = {
			isa = PBXResourcesBuildPhase;
			buildActionMask = 2147483647;
			files = (
			);
			runOnlyForDeploymentPostprocessing = 0;
		};
		6003F588195388D20070C39A /* Resources */ = {
			isa = PBXResourcesBuildPhase;
			buildActionMask = 2147483647;
			files = (
				425E0C1424D9345400BEEA93 /* recomand_01.jpg in Resources */,
				425E0C1624D9345400BEEA93 /* recomand_02.jpg in Resources */,
				425E0C1724D9345400BEEA93 /* API.ico in Resources */,
				425E0C2224D9345400BEEA93 /* Assets.xcassets in Resources */,
				425E0C6A24D9346200BEEA93 /* GIOCollectionViewCell.xib in Resources */,
				425E0C1124D9345400BEEA93 /* merge.ico in Resources */,
				425E0C7524D93B3100BEEA93 /* Main.storyboard in Resources */,
				6003F598195388D20070C39A /* InfoPlist.strings in Resources */,
				425E0C3124D9345400BEEA93 /* AliyunEmasServices-Info.plist in Resources */,
				425E0C2124D9345400BEEA93 /* cycle_03.jpg in Resources */,
				425E0C2024D9345400BEEA93 /* cycle_02.jpg in Resources */,
				425E0C6024D9346200BEEA93 /* gio_hybrid.html in Resources */,
				425E0C6724D9346200BEEA93 /* GIOPageStructure.storyboard in Resources */,
				425E0C1B24D9345400BEEA93 /* cycle_07.jpg in Resources */,
				425E0C1324D9345400BEEA93 /* cycle_08.jpg in Resources */,
				425E0C1224D9345400BEEA93 /* agree.ico in Resources */,
				425E0C1D24D9345400BEEA93 /* cycle_04.jpg in Resources */,
				425E0C1A24D9345400BEEA93 /* greenWave.png in Resources */,
				425E0C6D24D9346200BEEA93 /* GIOListTableViewCell.xib in Resources */,
				425E0C1524D9345400BEEA93 /* recomand_03.jpg in Resources */,
				425E0C1F24D9345400BEEA93 /* cycle_01.jpg in Resources */,
				425E0C1E24D9345400BEEA93 /* cycle_05.jpg in Resources */,
				425E0C1924D9345400BEEA93 /* uipage.png in Resources */,
				425E0C1824D9345400BEEA93 /* fire.ico in Resources */,
				425E0C1C24D9345400BEEA93 /* cycle_06.jpg in Resources */,
				425E0C7624D93B3100BEEA93 /* LaunchScreen.storyboard in Resources */,
				425E0C2724D9345400BEEA93 /* GrowingKeyValueCell.xib in Resources */,
				425E0C6B24D9346200BEEA93 /* GIOFoodTableViewCell.xib in Resources */,
			);
			runOnlyForDeploymentPostprocessing = 0;
		};
/* End PBXResourcesBuildPhase section */

/* Begin PBXShellScriptBuildPhase section */
		8F8F7BBB9A89FC6F783C21C1 /* [CP] Embed Pods Frameworks */ = {
			isa = PBXShellScriptBuildPhase;
			buildActionMask = 2147483647;
			files = (
			);
			inputPaths = (
				"${PODS_ROOT}/Target Support Files/Pods-GrowingIO_ExampleTests/Pods-GrowingIO_ExampleTests-frameworks.sh",
				"${BUILT_PRODUCTS_DIR}/KIF/KIF.framework",
			);
			name = "[CP] Embed Pods Frameworks";
			outputPaths = (
				"${TARGET_BUILD_DIR}/${FRAMEWORKS_FOLDER_PATH}/KIF.framework",
			);
			runOnlyForDeploymentPostprocessing = 0;
			shellPath = /bin/sh;
			shellScript = "\"${PODS_ROOT}/Target Support Files/Pods-GrowingIO_ExampleTests/Pods-GrowingIO_ExampleTests-frameworks.sh\"\n";
			showEnvVarsInLog = 0;
		};
		D82F3128F826E62B39F8A14D /* [CP] Check Pods Manifest.lock */ = {
			isa = PBXShellScriptBuildPhase;
			buildActionMask = 2147483647;
			files = (
			);
			inputFileListPaths = (
			);
			inputPaths = (
				"${PODS_PODFILE_DIR_PATH}/Podfile.lock",
				"${PODS_ROOT}/Manifest.lock",
			);
			name = "[CP] Check Pods Manifest.lock";
			outputFileListPaths = (
			);
			outputPaths = (
				"$(DERIVED_FILE_DIR)/Pods-GrowingIO_ExampleTests-checkManifestLockResult.txt",
			);
			runOnlyForDeploymentPostprocessing = 0;
			shellPath = /bin/sh;
			shellScript = "diff \"${PODS_PODFILE_DIR_PATH}/Podfile.lock\" \"${PODS_ROOT}/Manifest.lock\" > /dev/null\nif [ $? != 0 ] ; then\n    # print error to STDERR\n    echo \"error: The sandbox is not in sync with the Podfile.lock. Run 'pod install' or update your CocoaPods installation.\" >&2\n    exit 1\nfi\n# This output is used by Xcode 'outputs' to avoid re-running this script phase.\necho \"SUCCESS\" > \"${SCRIPT_OUTPUT_FILE_0}\"\n";
			showEnvVarsInLog = 0;
		};
		E7892524FBD4CD27DBE03E48 /* [CP] Check Pods Manifest.lock */ = {
			isa = PBXShellScriptBuildPhase;
			buildActionMask = 2147483647;
			files = (
			);
			inputFileListPaths = (
			);
			inputPaths = (
				"${PODS_PODFILE_DIR_PATH}/Podfile.lock",
				"${PODS_ROOT}/Manifest.lock",
			);
			name = "[CP] Check Pods Manifest.lock";
			outputFileListPaths = (
			);
			outputPaths = (
				"$(DERIVED_FILE_DIR)/Pods-GrowingIO_Example-checkManifestLockResult.txt",
			);
			runOnlyForDeploymentPostprocessing = 0;
			shellPath = /bin/sh;
			shellScript = "diff \"${PODS_PODFILE_DIR_PATH}/Podfile.lock\" \"${PODS_ROOT}/Manifest.lock\" > /dev/null\nif [ $? != 0 ] ; then\n    # print error to STDERR\n    echo \"error: The sandbox is not in sync with the Podfile.lock. Run 'pod install' or update your CocoaPods installation.\" >&2\n    exit 1\nfi\n# This output is used by Xcode 'outputs' to avoid re-running this script phase.\necho \"SUCCESS\" > \"${SCRIPT_OUTPUT_FILE_0}\"\n";
			showEnvVarsInLog = 0;
		};
		EF3A103F84A1F6350C89B689 /* [CP] Embed Pods Frameworks */ = {
			isa = PBXShellScriptBuildPhase;
			buildActionMask = 2147483647;
			files = (
			);
			inputPaths = (
				"${PODS_ROOT}/Target Support Files/Pods-GrowingIO_Example/Pods-GrowingIO_Example-frameworks.sh",
				"${BUILT_PRODUCTS_DIR}/MBProgressHUD/MBProgressHUD.framework",
				"${BUILT_PRODUCTS_DIR}/MJRefresh/MJRefresh.framework",
				"${BUILT_PRODUCTS_DIR}/SDCycleScrollView/SDCycleScrollView.framework",
				"${BUILT_PRODUCTS_DIR}/SDWebImage/SDWebImage.framework",
			);
			name = "[CP] Embed Pods Frameworks";
			outputPaths = (
				"${TARGET_BUILD_DIR}/${FRAMEWORKS_FOLDER_PATH}/MBProgressHUD.framework",
				"${TARGET_BUILD_DIR}/${FRAMEWORKS_FOLDER_PATH}/MJRefresh.framework",
				"${TARGET_BUILD_DIR}/${FRAMEWORKS_FOLDER_PATH}/SDCycleScrollView.framework",
				"${TARGET_BUILD_DIR}/${FRAMEWORKS_FOLDER_PATH}/SDWebImage.framework",
			);
			runOnlyForDeploymentPostprocessing = 0;
			shellPath = /bin/sh;
			shellScript = "\"${PODS_ROOT}/Target Support Files/Pods-GrowingIO_Example/Pods-GrowingIO_Example-frameworks.sh\"\n";
			showEnvVarsInLog = 0;
		};
/* End PBXShellScriptBuildPhase section */

/* Begin PBXSourcesBuildPhase section */
		4962651A24DA665200032551 /* Sources */ = {
			isa = PBXSourcesBuildPhase;
			buildActionMask = 2147483647;
			files = (
				4962653B24DA66B600032551 /* MockEventQueue.m in Sources */,
				4962653924DA66B600032551 /* LogOperHelper.m in Sources */,
				4962656924DA66BF00032551 /* GDPRTest.m in Sources */,
				4962653D24DA66B600032551 /* NoburPoMeaProCheck.m in Sources */,
				4962653A24DA66B600032551 /* ManualTrackHelper.m in Sources */,
				4962657824DA66BF00032551 /* pageEventsTest.m in Sources */,
				4962657724DA66BF00032551 /* ClckEventsTest.m in Sources */,
				4962653E24DA66B600032551 /* NSURLSession+TestHook.m in Sources */,
				4962653C24DA66B600032551 /* GrowingTestHelper.m in Sources */,
				4962657124DA66BF00032551 /* CstmEventsTest.m in Sources */,
				4962656F24DA66BF00032551 /* EvarEventsTest.m in Sources */,
				4962657924DA66BF00032551 /* ChgEventsTest.m in Sources */,
				4962656D24DA66BF00032551 /* GetEnableLogTest.m in Sources */,
				4962657424DA66BF00032551 /* AppVarEventsTest.m in Sources */,
				4962656B24DA66BF00032551 /* FlushIntervalAPITest.m in Sources */,
				4962657624DA66BF00032551 /* VstEventsTest.m in Sources */,
				4962656E24DA66BF00032551 /* GetConfigurationTest.m in Sources */,
				4962656724DA66BF00032551 /* MediatorTest.m in Sources */,
				4962657224DA66BF00032551 /* CS1ManualTrackTest.m in Sources */,
				4962656824DA66BF00032551 /* GetIDsTest.m in Sources */,
				4962652B24DA667900032551 /* GrowingIO_ExampleTests.m in Sources */,
				4962657524DA66BF00032551 /* PvarEventsTest.m in Sources */,
				4962657324DA66BF00032551 /* PPLEventsTest.m in Sources */,
				4962656A24DA66BF00032551 /* TrackViewTest.m in Sources */,
				4962657024DA66BF00032551 /* VstrEventsTest.m in Sources */,
				4962656624DA66BF00032551 /* TrackAPIMainThreadTest.m in Sources */,
				4962656C24DA66BF00032551 /* DailyDataLimit.m in Sources */,
			);
			runOnlyForDeploymentPostprocessing = 0;
		};
		6003F586195388D20070C39A /* Sources */ = {
			isa = PBXSourcesBuildPhase;
			buildActionMask = 2147483647;
			files = (
				425E0C2E24D9345400BEEA93 /* GIOPageEventViewController.m in Sources */,
				425E0C2B24D9345400BEEA93 /* GIOCstmEventViewController.m in Sources */,
				425E0C2824D9345400BEEA93 /* PVarEventViewController.m in Sources */,
				425E0C5E24D9346200BEEA93 /* GIOCollectionViewController.m in Sources */,
				425E0C6224D9346200BEEA93 /* GIOSimpleUIElemtsViewController.m in Sources */,
				425E0C6424D9346200BEEA93 /* GIOBannerAndTableViewController.m in Sources */,
				425E0C6324D9346200BEEA93 /* GIOHybridViewController.m in Sources */,
				425E0C5F24D9346200BEEA93 /* GIOUICategoryViewController.m in Sources */,
				425E0C2524D9345400BEEA93 /* GIOInputChangeEventViewController.m in Sources */,
				425E0C2A24D9345400BEEA93 /* MeasurementProtocolTableViewController.m in Sources */,
				425E0C2624D9345400BEEA93 /* GrowingKeyValueCell.m in Sources */,
				425E0C2324D9345400BEEA93 /* GIOUserIdViewController.m in Sources */,
				425E0C2F24D9345400BEEA93 /* FirstViewController.m in Sources */,
				425E0C3424D9345400BEEA93 /* MBProgressHUD+GrowingHelper.m in Sources */,
				425E0C6E24D9346200BEEA93 /* GIOButtonViewController.m in Sources */,
				425E0C6C24D9346200BEEA93 /* GIOListTableViewCell.m in Sources */,
				425E0C6624D9346200BEEA93 /* GIOPageStructureViewController.m in Sources */,
				425E0C3524D9345400BEEA93 /* GIOConstants.m in Sources */,
				425E0C6924D9346200BEEA93 /* GIOCollectionViewCell.m in Sources */,
				425E0C5D24D9346200BEEA93 /* GIOTextFieldViewController.m in Sources */,
				6003F59A195388D20070C39A /* main.m in Sources */,
				425E0C6824D9346200BEEA93 /* GIOFoodTableViewCell.m in Sources */,
				425E0C2D24D9345400BEEA93 /* ContainerViewController.m in Sources */,
				425E0C3024D9345400BEEA93 /* SecondViewController.m in Sources */,
				425E0C5C24D9346200BEEA93 /* GIOLabelAttributeViewController.m in Sources */,
				425E0C6124D9346200BEEA93 /* GIOActionSheetViewController.m in Sources */,
				425E0C2924D9345400BEEA93 /* GIOClickEventViewController.m in Sources */,
				425E0C2424D9345400BEEA93 /* GIOAttributesTrackViewController.m in Sources */,
				425E0C3324D9345400BEEA93 /* GIODataProcessOperation.m in Sources */,
				425E0C6524D9346200BEEA93 /* GIOMultiViewController.m in Sources */,
				425E0C2C24D9345400BEEA93 /* GIOVisitEventViewController.m in Sources */,
				425E0C3224D9345400BEEA93 /* AppDelegate.m in Sources */,
			);
			runOnlyForDeploymentPostprocessing = 0;
		};
/* End PBXSourcesBuildPhase section */

/* Begin PBXTargetDependency section */
		4962652424DA665200032551 /* PBXTargetDependency */ = {
			isa = PBXTargetDependency;
			target = 6003F589195388D20070C39A /* GrowingIO_Example */;
			targetProxy = 4962652324DA665200032551 /* PBXContainerItemProxy */;
		};
/* End PBXTargetDependency section */

/* Begin PBXVariantGroup section */
		425E0C7124D93B3000BEEA93 /* Main.storyboard */ = {
			isa = PBXVariantGroup;
			children = (
				425E0C7224D93B3000BEEA93 /* Base */,
			);
			name = Main.storyboard;
			sourceTree = "<group>";
		};
		425E0C7324D93B3000BEEA93 /* LaunchScreen.storyboard */ = {
			isa = PBXVariantGroup;
			children = (
				425E0C7424D93B3100BEEA93 /* Base */,
			);
			name = LaunchScreen.storyboard;
			sourceTree = "<group>";
		};
		6003F596195388D20070C39A /* InfoPlist.strings */ = {
			isa = PBXVariantGroup;
			children = (
				6003F597195388D20070C39A /* en */,
			);
			name = InfoPlist.strings;
			sourceTree = "<group>";
		};
/* End PBXVariantGroup section */

/* Begin XCBuildConfiguration section */
		4962652524DA665200032551 /* Debug */ = {
			isa = XCBuildConfiguration;
			baseConfigurationReference = 7960B1F6F6B981911C36D5E6 /* Pods-GrowingIO_ExampleTests.debug.xcconfig */;
			buildSettings = {
				BUNDLE_LOADER = "$(TEST_HOST)";
				CLANG_ANALYZER_NONNULL = YES;
				CLANG_ANALYZER_NUMBER_OBJECT_CONVERSION = YES_AGGRESSIVE;
				CLANG_CXX_LANGUAGE_STANDARD = "gnu++14";
				CLANG_ENABLE_OBJC_WEAK = YES;
				CLANG_WARN_BLOCK_CAPTURE_AUTORELEASING = YES;
				CLANG_WARN_COMMA = YES;
				CLANG_WARN_DEPRECATED_OBJC_IMPLEMENTATIONS = YES;
				CLANG_WARN_DOCUMENTATION_COMMENTS = YES;
				CLANG_WARN_INFINITE_RECURSION = YES;
				CLANG_WARN_NON_LITERAL_NULL_CONVERSION = YES;
				CLANG_WARN_OBJC_IMPLICIT_RETAIN_SELF = YES;
				CLANG_WARN_OBJC_LITERAL_CONVERSION = YES;
				CLANG_WARN_RANGE_LOOP_ANALYSIS = YES;
				CLANG_WARN_STRICT_PROTOTYPES = YES;
				CLANG_WARN_SUSPICIOUS_MOVE = YES;
				CLANG_WARN_UNGUARDED_AVAILABILITY = YES_AGGRESSIVE;
				CLANG_WARN_UNREACHABLE_CODE = YES;
				CODE_SIGN_STYLE = Automatic;
				DEBUG_INFORMATION_FORMAT = dwarf;
				DEVELOPMENT_TEAM = SXBU677CPT;
				ENABLE_STRICT_OBJC_MSGSEND = YES;
				GCC_C_LANGUAGE_STANDARD = gnu11;
				GCC_NO_COMMON_BLOCKS = YES;
				INFOPLIST_FILE = GrowingIO_ExampleTests/Info.plist;
				IPHONEOS_DEPLOYMENT_TARGET = 13.5;
				LD_RUNPATH_SEARCH_PATHS = "$(inherited) @executable_path/Frameworks @loader_path/Frameworks";
				MTL_ENABLE_DEBUG_INFO = INCLUDE_SOURCE;
				MTL_FAST_MATH = YES;
				PRODUCT_BUNDLE_IDENTIFIER = "growingio.GrowingIO-ExampleTests";
				PRODUCT_NAME = "$(TARGET_NAME)";
				TARGETED_DEVICE_FAMILY = "1,2";
				TEST_HOST = "$(BUILT_PRODUCTS_DIR)/GrowingIO_Example.app/GrowingIO_Example";
				USER_HEADER_SEARCH_PATHS = "$(SRCROOT)/../GrowingIO/GrowingAutoTracker/** $(SRCROOT)/../GrowingIO/GrowingTracker/**";
			};
			name = Debug;
		};
		4962652624DA665200032551 /* Release */ = {
			isa = XCBuildConfiguration;
			baseConfigurationReference = 7F0F6BA089703227980ABCA2 /* Pods-GrowingIO_ExampleTests.release.xcconfig */;
			buildSettings = {
				BUNDLE_LOADER = "$(TEST_HOST)";
				CLANG_ANALYZER_NONNULL = YES;
				CLANG_ANALYZER_NUMBER_OBJECT_CONVERSION = YES_AGGRESSIVE;
				CLANG_CXX_LANGUAGE_STANDARD = "gnu++14";
				CLANG_ENABLE_OBJC_WEAK = YES;
				CLANG_WARN_BLOCK_CAPTURE_AUTORELEASING = YES;
				CLANG_WARN_COMMA = YES;
				CLANG_WARN_DEPRECATED_OBJC_IMPLEMENTATIONS = YES;
				CLANG_WARN_DOCUMENTATION_COMMENTS = YES;
				CLANG_WARN_INFINITE_RECURSION = YES;
				CLANG_WARN_NON_LITERAL_NULL_CONVERSION = YES;
				CLANG_WARN_OBJC_IMPLICIT_RETAIN_SELF = YES;
				CLANG_WARN_OBJC_LITERAL_CONVERSION = YES;
				CLANG_WARN_RANGE_LOOP_ANALYSIS = YES;
				CLANG_WARN_STRICT_PROTOTYPES = YES;
				CLANG_WARN_SUSPICIOUS_MOVE = YES;
				CLANG_WARN_UNGUARDED_AVAILABILITY = YES_AGGRESSIVE;
				CLANG_WARN_UNREACHABLE_CODE = YES;
				CODE_SIGN_STYLE = Automatic;
				COPY_PHASE_STRIP = NO;
				DEBUG_INFORMATION_FORMAT = "dwarf-with-dsym";
				DEVELOPMENT_TEAM = SXBU677CPT;
				ENABLE_STRICT_OBJC_MSGSEND = YES;
				GCC_C_LANGUAGE_STANDARD = gnu11;
				GCC_NO_COMMON_BLOCKS = YES;
				INFOPLIST_FILE = GrowingIO_ExampleTests/Info.plist;
				IPHONEOS_DEPLOYMENT_TARGET = 13.5;
				LD_RUNPATH_SEARCH_PATHS = "$(inherited) @executable_path/Frameworks @loader_path/Frameworks";
				MTL_ENABLE_DEBUG_INFO = NO;
				MTL_FAST_MATH = YES;
				PRODUCT_BUNDLE_IDENTIFIER = "growingio.GrowingIO-ExampleTests";
				PRODUCT_NAME = "$(TARGET_NAME)";
				TARGETED_DEVICE_FAMILY = "1,2";
				TEST_HOST = "$(BUILT_PRODUCTS_DIR)/GrowingIO_Example.app/GrowingIO_Example";
				USER_HEADER_SEARCH_PATHS = "$(SRCROOT)/../GrowingIO/GrowingAutoTracker/** $(SRCROOT)/../GrowingIO/GrowingTracker/**";
			};
			name = Release;
		};
		6003F5BD195388D20070C39A /* Debug */ = {
			isa = XCBuildConfiguration;
			buildSettings = {
				ALWAYS_SEARCH_USER_PATHS = NO;
				CLANG_CXX_LANGUAGE_STANDARD = "gnu++0x";
				CLANG_CXX_LIBRARY = "libc++";
				CLANG_ENABLE_MODULES = YES;
				CLANG_ENABLE_OBJC_ARC = YES;
				CLANG_WARN_BOOL_CONVERSION = YES;
				CLANG_WARN_CONSTANT_CONVERSION = YES;
				CLANG_WARN_DIRECT_OBJC_ISA_USAGE = YES_ERROR;
				CLANG_WARN_EMPTY_BODY = YES;
				CLANG_WARN_ENUM_CONVERSION = YES;
				CLANG_WARN_INT_CONVERSION = YES;
				CLANG_WARN_OBJC_ROOT_CLASS = YES_ERROR;
				CLANG_WARN__DUPLICATE_METHOD_MATCH = YES;
				"CODE_SIGN_IDENTITY[sdk=iphoneos*]" = "iPhone Developer";
				COPY_PHASE_STRIP = NO;
				ENABLE_TESTABILITY = YES;
				GCC_C_LANGUAGE_STANDARD = gnu99;
				GCC_DYNAMIC_NO_PIC = NO;
				GCC_OPTIMIZATION_LEVEL = 0;
				GCC_PREPROCESSOR_DEFINITIONS = (
					"DEBUG=1",
					"$(inherited)",
				);
				GCC_SYMBOLS_PRIVATE_EXTERN = NO;
				GCC_WARN_64_TO_32_BIT_CONVERSION = YES;
				GCC_WARN_ABOUT_RETURN_TYPE = YES_ERROR;
				GCC_WARN_UNDECLARED_SELECTOR = YES;
				GCC_WARN_UNINITIALIZED_AUTOS = YES_AGGRESSIVE;
				GCC_WARN_UNUSED_FUNCTION = YES;
				GCC_WARN_UNUSED_VARIABLE = YES;
				IPHONEOS_DEPLOYMENT_TARGET = 9.3;
				ONLY_ACTIVE_ARCH = YES;
				SDKROOT = iphoneos;
				TARGETED_DEVICE_FAMILY = "1,2";
			};
			name = Debug;
		};
		6003F5BE195388D20070C39A /* Release */ = {
			isa = XCBuildConfiguration;
			buildSettings = {
				ALWAYS_SEARCH_USER_PATHS = NO;
				CLANG_CXX_LANGUAGE_STANDARD = "gnu++0x";
				CLANG_CXX_LIBRARY = "libc++";
				CLANG_ENABLE_MODULES = YES;
				CLANG_ENABLE_OBJC_ARC = YES;
				CLANG_WARN_BOOL_CONVERSION = YES;
				CLANG_WARN_CONSTANT_CONVERSION = YES;
				CLANG_WARN_DIRECT_OBJC_ISA_USAGE = YES_ERROR;
				CLANG_WARN_EMPTY_BODY = YES;
				CLANG_WARN_ENUM_CONVERSION = YES;
				CLANG_WARN_INT_CONVERSION = YES;
				CLANG_WARN_OBJC_ROOT_CLASS = YES_ERROR;
				CLANG_WARN__DUPLICATE_METHOD_MATCH = YES;
				"CODE_SIGN_IDENTITY[sdk=iphoneos*]" = "iPhone Developer";
				COPY_PHASE_STRIP = YES;
				ENABLE_NS_ASSERTIONS = NO;
				GCC_C_LANGUAGE_STANDARD = gnu99;
				GCC_WARN_64_TO_32_BIT_CONVERSION = YES;
				GCC_WARN_ABOUT_RETURN_TYPE = YES_ERROR;
				GCC_WARN_UNDECLARED_SELECTOR = YES;
				GCC_WARN_UNINITIALIZED_AUTOS = YES_AGGRESSIVE;
				GCC_WARN_UNUSED_FUNCTION = YES;
				GCC_WARN_UNUSED_VARIABLE = YES;
				IPHONEOS_DEPLOYMENT_TARGET = 9.3;
				SDKROOT = iphoneos;
				TARGETED_DEVICE_FAMILY = "1,2";
				VALIDATE_PRODUCT = YES;
			};
			name = Release;
		};
		6003F5C0195388D20070C39A /* Debug */ = {
			isa = XCBuildConfiguration;
			baseConfigurationReference = 6BF3EAD3D3A5ED365819D758 /* Pods-GrowingIO_Example.debug.xcconfig */;
			buildSettings = {
				ASSETCATALOG_COMPILER_APPICON_NAME = AppIcon;
				GCC_PRECOMPILE_PREFIX_HEADER = YES;
				GCC_PREFIX_HEADER = "GrowingIO/GrowingIO-Prefix.pch";
				INFOPLIST_FILE = "GrowingIO/GrowingIO-Info.plist";
				IPHONEOS_DEPLOYMENT_TARGET = 8.0;
				LD_RUNPATH_SEARCH_PATHS = "$(inherited) @executable_path/Frameworks";
				MODULE_NAME = ExampleApp;
				PRODUCT_BUNDLE_IDENTIFIER = "GrowingIO.GrowingIOTest-";
				PRODUCT_NAME = "$(TARGET_NAME)";
				SWIFT_VERSION = 4.0;
				WRAPPER_EXTENSION = app;
			};
			name = Debug;
		};
		6003F5C1195388D20070C39A /* Release */ = {
			isa = XCBuildConfiguration;
			baseConfigurationReference = 41F669315FBE7326225A12C7 /* Pods-GrowingIO_Example.release.xcconfig */;
			buildSettings = {
				ASSETCATALOG_COMPILER_APPICON_NAME = AppIcon;
				GCC_PRECOMPILE_PREFIX_HEADER = YES;
				GCC_PREFIX_HEADER = "GrowingIO/GrowingIO-Prefix.pch";
				INFOPLIST_FILE = "GrowingIO/GrowingIO-Info.plist";
				IPHONEOS_DEPLOYMENT_TARGET = 8.0;
				LD_RUNPATH_SEARCH_PATHS = "$(inherited) @executable_path/Frameworks";
				MODULE_NAME = ExampleApp;
				PRODUCT_BUNDLE_IDENTIFIER = "GrowingIO.GrowingIOTest-";
				PRODUCT_NAME = "$(TARGET_NAME)";
				SWIFT_VERSION = 4.0;
				WRAPPER_EXTENSION = app;
			};
			name = Release;
		};
/* End XCBuildConfiguration section */

/* Begin XCConfigurationList section */
		4962652724DA665200032551 /* Build configuration list for PBXNativeTarget "GrowingIO_ExampleTests" */ = {
			isa = XCConfigurationList;
			buildConfigurations = (
				4962652524DA665200032551 /* Debug */,
				4962652624DA665200032551 /* Release */,
			);
			defaultConfigurationIsVisible = 0;
			defaultConfigurationName = Release;
		};
		6003F585195388D10070C39A /* Build configuration list for PBXProject "GrowingIO" */ = {
			isa = XCConfigurationList;
			buildConfigurations = (
				6003F5BD195388D20070C39A /* Debug */,
				6003F5BE195388D20070C39A /* Release */,
			);
			defaultConfigurationIsVisible = 0;
			defaultConfigurationName = Release;
		};
		6003F5BF195388D20070C39A /* Build configuration list for PBXNativeTarget "GrowingIO_Example" */ = {
			isa = XCConfigurationList;
			buildConfigurations = (
				6003F5C0195388D20070C39A /* Debug */,
				6003F5C1195388D20070C39A /* Release */,
			);
			defaultConfigurationIsVisible = 0;
			defaultConfigurationName = Release;
		};
/* End XCConfigurationList section */
	};
	rootObject = 6003F582195388D10070C39A /* Project object */;
}
